// !$*UTF8*$!
{
	archiveVersion = 1;
	classes = {
	};
	objectVersion = 54;
	objects = {

/* Begin PBXBuildFile section */
		00E356F31AD99517003FC87E /* XiangkanRssTests.m in Sources */ = {isa = PBXBuildFile; fileRef = 00E356F21AD99517003FC87E /* XiangkanRssTests.m */; };
		0C80B921A6F3F58F76C31292 /* libPods-XiangkanRss.a in Frameworks */ = {isa = PBXBuildFile; fileRef = 5DCACB8F33CDC322A6C60F78 /* libPods-XiangkanRss.a */; };
		13B07FBC1A68108700A75B9A /* AppDelegate.mm in Sources */ = {isa = PBXBuildFile; fileRef = 13B07FB01A68108700A75B9A /* AppDelegate.mm */; };
		13B07FBF1A68108700A75B9A /* Images.xcassets in Resources */ = {isa = PBXBuildFile; fileRef = 13B07FB51A68108700A75B9A /* Images.xcassets */; };
		13B07FC11A68108700A75B9A /* main.m in Sources */ = {isa = PBXBuildFile; fileRef = 13B07FB71A68108700A75B9A /* main.m */; };
		3D55AE6328D6391A004C8EAD /* style4.css in Resources */ = {isa = PBXBuildFile; fileRef = 3D55AE5F28D63919004C8EAD /* style4.css */; };
		3D55AE6428D6391A004C8EAD /* style1.css in Resources */ = {isa = PBXBuildFile; fileRef = 3D55AE6028D63919004C8EAD /* style1.css */; };
		3D55AE6528D6391A004C8EAD /* style2.css in Resources */ = {isa = PBXBuildFile; fileRef = 3D55AE6128D63919004C8EAD /* style2.css */; };
		3D55AE6628D6391A004C8EAD /* style3.css in Resources */ = {isa = PBXBuildFile; fileRef = 3D55AE6228D63919004C8EAD /* style3.css */; };
		3D55AEDF28D6B3F0004C8EAD /* main.jsbundle in Resources */ = {isa = PBXBuildFile; fileRef = 3D55AE6728D6B3F0004C8EAD /* main.jsbundle */; };
		3D55AEE028D6B3F0004C8EAD /* back-icon@3x.png in Resources */ = {isa = PBXBuildFile; fileRef = 3D55AE6E28D6B3F0004C8EAD /* back-icon@3x.png */; };
		3D55AEE128D6B3F0004C8EAD /* back-icon@2x.png in Resources */ = {isa = PBXBuildFile; fileRef = 3D55AE6F28D6B3F0004C8EAD /* back-icon@2x.png */; };
		3D55AEE228D6B3F0004C8EAD /* back-icon.png in Resources */ = {isa = PBXBuildFile; fileRef = 3D55AE7028D6B3F0004C8EAD /* back-icon.png */; };
		3D55AEE328D6B3F0004C8EAD /* back-icon-mask.png in Resources */ = {isa = PBXBuildFile; fileRef = 3D55AE7128D6B3F0004C8EAD /* back-icon-mask.png */; };
		3D55AEE428D6B3F0004C8EAD /* hintTipMiddle@2x.png in Resources */ = {isa = PBXBuildFile; fileRef = 3D55AE7728D6B3F0004C8EAD /* hintTipMiddle@2x.png */; };
		3D55AEE528D6B3F0004C8EAD /* hintTipMiddle@3x.png in Resources */ = {isa = PBXBuildFile; fileRef = 3D55AE7828D6B3F0004C8EAD /* hintTipMiddle@3x.png */; };
		3D55AEE628D6B3F0004C8EAD /* hintTipSide.png in Resources */ = {isa = PBXBuildFile; fileRef = 3D55AE7928D6B3F0004C8EAD /* hintTipSide.png */; };
		3D55AEE728D6B3F0004C8EAD /* hintTipMiddle.png in Resources */ = {isa = PBXBuildFile; fileRef = 3D55AE7A28D6B3F0004C8EAD /* hintTipMiddle.png */; };
		3D55AEE828D6B3F0004C8EAD /* hintTipSide@3x.png in Resources */ = {isa = PBXBuildFile; fileRef = 3D55AE7B28D6B3F0004C8EAD /* hintTipSide@3x.png */; };
		3D55AEE928D6B3F0004C8EAD /* hintTipSide@2x.png in Resources */ = {isa = PBXBuildFile; fileRef = 3D55AE7C28D6B3F0004C8EAD /* hintTipSide@2x.png */; };
		3D55AEEA28D6B3F0004C8EAD /* dropdown@2x.png in Resources */ = {isa = PBXBuildFile; fileRef = 3D55AE7F28D6B3F0004C8EAD /* dropdown@2x.png */; };
		3D55AEEB28D6B3F0004C8EAD /* dropdown@3x.png in Resources */ = {isa = PBXBuildFile; fileRef = 3D55AE8028D6B3F0004C8EAD /* dropdown@3x.png */; };
		3D55AEEC28D6B3F0004C8EAD /* dropdown.png in Resources */ = {isa = PBXBuildFile; fileRef = 3D55AE8128D6B3F0004C8EAD /* dropdown.png */; };
		3D55AEED28D6B3F0004C8EAD /* gradient.png in Resources */ = {isa = PBXBuildFile; fileRef = 3D55AE8328D6B3F0004C8EAD /* gradient.png */; };
		3D55AEEE28D6B3F0004C8EAD /* exclamationSmall@2x.png in Resources */ = {isa = PBXBuildFile; fileRef = 3D55AE8628D6B3F0004C8EAD /* exclamationSmall@2x.png */; };
		3D55AEEF28D6B3F0004C8EAD /* exclamationSmall@3x.png in Resources */ = {isa = PBXBuildFile; fileRef = 3D55AE8728D6B3F0004C8EAD /* exclamationSmall@3x.png */; };
		3D55AEF028D6B3F0004C8EAD /* exclamationSmall.png in Resources */ = {isa = PBXBuildFile; fileRef = 3D55AE8828D6B3F0004C8EAD /* exclamationSmall.png */; };
		3D55AEF128D6B3F0004C8EAD /* checkMarkSmall.png in Resources */ = {isa = PBXBuildFile; fileRef = 3D55AE8928D6B3F0004C8EAD /* checkMarkSmall.png */; };
		3D55AEF228D6B3F0004C8EAD /* checkMarkSmall@2x.png in Resources */ = {isa = PBXBuildFile; fileRef = 3D55AE8A28D6B3F0004C8EAD /* checkMarkSmall@2x.png */; };
		3D55AEF328D6B3F0004C8EAD /* checkMarkSmall@3x.png in Resources */ = {isa = PBXBuildFile; fileRef = 3D55AE8B28D6B3F0004C8EAD /* checkMarkSmall@3x.png */; };
		3D55AEF428D6B3F0004C8EAD /* arrow-down.png in Resources */ = {isa = PBXBuildFile; fileRef = 3D55AE8E28D6B3F0004C8EAD /* arrow-down.png */; };
		3D55AEF528D6B3F0004C8EAD /* arrow-down@2x.png in Resources */ = {isa = PBXBuildFile; fileRef = 3D55AE8F28D6B3F0004C8EAD /* arrow-down@2x.png */; };
		3D55AEF628D6B3F0004C8EAD /* arrow-down@3x.png in Resources */ = {isa = PBXBuildFile; fileRef = 3D55AE9028D6B3F0004C8EAD /* arrow-down@3x.png */; };
		3D55AEF728D6B3F0004C8EAD /* plusOutline.png in Resources */ = {isa = PBXBuildFile; fileRef = 3D55AE9328D6B3F0004C8EAD /* plusOutline.png */; };
		3D55AEF828D6B3F0004C8EAD /* plusOutline@3x.png in Resources */ = {isa = PBXBuildFile; fileRef = 3D55AE9428D6B3F0004C8EAD /* plusOutline@3x.png */; };
		3D55AEF928D6B3F0004C8EAD /* minusOutlineSmall@3x.png in Resources */ = {isa = PBXBuildFile; fileRef = 3D55AE9528D6B3F0004C8EAD /* minusOutlineSmall@3x.png */; };
		3D55AEFA28D6B3F0004C8EAD /* plusOutlineSmall@2x.png in Resources */ = {isa = PBXBuildFile; fileRef = 3D55AE9628D6B3F0004C8EAD /* plusOutlineSmall@2x.png */; };
		3D55AEFB28D6B3F0004C8EAD /* plusOutlineSmall@3x.png in Resources */ = {isa = PBXBuildFile; fileRef = 3D55AE9728D6B3F0004C8EAD /* plusOutlineSmall@3x.png */; };
		3D55AEFC28D6B3F0004C8EAD /* minusOutlineSmall@2x.png in Resources */ = {isa = PBXBuildFile; fileRef = 3D55AE9828D6B3F0004C8EAD /* minusOutlineSmall@2x.png */; };
		3D55AEFD28D6B3F0004C8EAD /* plusOutline@2x.png in Resources */ = {isa = PBXBuildFile; fileRef = 3D55AE9928D6B3F0004C8EAD /* plusOutline@2x.png */; };
		3D55AEFE28D6B3F0004C8EAD /* minusOutlineSmall.png in Resources */ = {isa = PBXBuildFile; fileRef = 3D55AE9A28D6B3F0004C8EAD /* minusOutlineSmall.png */; };
		3D55AEFF28D6B3F0004C8EAD /* minusOutline@2x.png in Resources */ = {isa = PBXBuildFile; fileRef = 3D55AE9B28D6B3F0004C8EAD /* minusOutline@2x.png */; };
		3D55AF0028D6B3F0004C8EAD /* minusOutline.png in Resources */ = {isa = PBXBuildFile; fileRef = 3D55AE9C28D6B3F0004C8EAD /* minusOutline.png */; };
		3D55AF0128D6B3F0004C8EAD /* minusOutline@3x.png in Resources */ = {isa = PBXBuildFile; fileRef = 3D55AE9D28D6B3F0004C8EAD /* minusOutline@3x.png */; };
		3D55AF0228D6B3F0004C8EAD /* plusOutlineSmall.png in Resources */ = {isa = PBXBuildFile; fileRef = 3D55AE9E28D6B3F0004C8EAD /* plusOutlineSmall.png */; };
		3D55AF0328D6B3F0004C8EAD /* TransparentSwatch@2x.png in Resources */ = {isa = PBXBuildFile; fileRef = 3D55AEA228D6B3F0004C8EAD /* TransparentSwatch@2x.png */; };
		3D55AF0428D6B3F0004C8EAD /* TransparentSwatch@3x.png in Resources */ = {isa = PBXBuildFile; fileRef = 3D55AEA328D6B3F0004C8EAD /* TransparentSwatch@3x.png */; };
		3D55AF0528D6B3F0004C8EAD /* TransparentSwatch.png in Resources */ = {isa = PBXBuildFile; fileRef = 3D55AEA428D6B3F0004C8EAD /* TransparentSwatch.png */; };
		3D55AF0628D6B3F0004C8EAD /* gradientLeft.png in Resources */ = {isa = PBXBuildFile; fileRef = 3D55AEA628D6B3F0004C8EAD /* gradientLeft.png */; };
		3D55AF0728D6B3F0004C8EAD /* gradientRight.png in Resources */ = {isa = PBXBuildFile; fileRef = 3D55AEA728D6B3F0004C8EAD /* gradientRight.png */; };
		3D55AF0828D6B3F0004C8EAD /* gradientBottom.png in Resources */ = {isa = PBXBuildFile; fileRef = 3D55AEA828D6B3F0004C8EAD /* gradientBottom.png */; };
		3D55AF0928D6B3F0004C8EAD /* gradientTop.png in Resources */ = {isa = PBXBuildFile; fileRef = 3D55AEA928D6B3F0004C8EAD /* gradientTop.png */; };
		3D55AF0A28D6B3F0004C8EAD /* GradientOverlayLow@3x.png in Resources */ = {isa = PBXBuildFile; fileRef = 3D55AEAC28D6B3F0004C8EAD /* GradientOverlayLow@3x.png */; };
		3D55AF0B28D6B3F0004C8EAD /* GradientOverlayLow@2x.png in Resources */ = {isa = PBXBuildFile; fileRef = 3D55AEAD28D6B3F0004C8EAD /* GradientOverlayLow@2x.png */; };
		3D55AF0C28D6B3F0004C8EAD /* GradientOverlayMedium@2x.png in Resources */ = {isa = PBXBuildFile; fileRef = 3D55AEAE28D6B3F0004C8EAD /* GradientOverlayMedium@2x.png */; };
		3D55AF0D28D6B3F0004C8EAD /* GradientOverlayMedium@3x.png in Resources */ = {isa = PBXBuildFile; fileRef = 3D55AEAF28D6B3F0004C8EAD /* GradientOverlayMedium@3x.png */; };
		3D55AF0E28D6B3F0004C8EAD /* GradientOverlayMedium.png in Resources */ = {isa = PBXBuildFile; fileRef = 3D55AEB028D6B3F0004C8EAD /* GradientOverlayMedium.png */; };
		3D55AF0F28D6B3F0004C8EAD /* GradientOverlayHigh.png in Resources */ = {isa = PBXBuildFile; fileRef = 3D55AEB128D6B3F0004C8EAD /* GradientOverlayHigh.png */; };
		3D55AF1028D6B3F0004C8EAD /* GradientOverlayHigh@3x.png in Resources */ = {isa = PBXBuildFile; fileRef = 3D55AEB228D6B3F0004C8EAD /* GradientOverlayHigh@3x.png */; };
		3D55AF1128D6B3F0004C8EAD /* GradientOverlayHigh@2x.png in Resources */ = {isa = PBXBuildFile; fileRef = 3D55AEB328D6B3F0004C8EAD /* GradientOverlayHigh@2x.png */; };
		3D55AF1228D6B3F0004C8EAD /* GradientOverlayLow.png in Resources */ = {isa = PBXBuildFile; fileRef = 3D55AEB428D6B3F0004C8EAD /* GradientOverlayLow.png */; };
		3D55AF1328D6B3F0004C8EAD /* gradientOverlay.png in Resources */ = {isa = PBXBuildFile; fileRef = 3D55AEB728D6B3F0004C8EAD /* gradientOverlay.png */; };
		3D55AF1528D6B3F0004C8EAD /* check.png in Resources */ = {isa = PBXBuildFile; fileRef = 3D55AEBC28D6B3F0004C8EAD /* check.png */; };
		3D55AF1628D6B3F0004C8EAD /* search@2x.png in Resources */ = {isa = PBXBuildFile; fileRef = 3D55AEBD28D6B3F0004C8EAD /* search@2x.png */; };
		3D55AF1728D6B3F0004C8EAD /* search@3x.png in Resources */ = {isa = PBXBuildFile; fileRef = 3D55AEBE28D6B3F0004C8EAD /* search@3x.png */; };
		3D55AF1828D6B3F0004C8EAD /* x.png in Resources */ = {isa = PBXBuildFile; fileRef = 3D55AEBF28D6B3F0004C8EAD /* x.png */; };
		3D55AF1928D6B3F0004C8EAD /* plusSmall.png in Resources */ = {isa = PBXBuildFile; fileRef = 3D55AEC028D6B3F0004C8EAD /* plusSmall.png */; };
		3D55AF1A28D6B3F0004C8EAD /* search.png in Resources */ = {isa = PBXBuildFile; fileRef = 3D55AEC128D6B3F0004C8EAD /* search.png */; };
		3D55AF1B28D6B3F0004C8EAD /* plusSmall@2x.png in Resources */ = {isa = PBXBuildFile; fileRef = 3D55AEC228D6B3F0004C8EAD /* plusSmall@2x.png */; };
		3D55AF1C28D6B3F0004C8EAD /* check@2x.png in Resources */ = {isa = PBXBuildFile; fileRef = 3D55AEC328D6B3F0004C8EAD /* check@2x.png */; };
		3D55AF1D28D6B3F0004C8EAD /* check@3x.png in Resources */ = {isa = PBXBuildFile; fileRef = 3D55AEC428D6B3F0004C8EAD /* check@3x.png */; };
		3D55AF1E28D6B3F0004C8EAD /* plusSmall@3x.png in Resources */ = {isa = PBXBuildFile; fileRef = 3D55AEC528D6B3F0004C8EAD /* plusSmall@3x.png */; };
		3D55AF1F28D6B3F0004C8EAD /* check-small.png in Resources */ = {isa = PBXBuildFile; fileRef = 3D55AEC628D6B3F0004C8EAD /* check-small.png */; };
		3D55AF2028D6B3F0004C8EAD /* check-small@2x.png in Resources */ = {isa = PBXBuildFile; fileRef = 3D55AEC728D6B3F0004C8EAD /* check-small@2x.png */; };
		3D55AF2128D6B3F0004C8EAD /* x@3x.png in Resources */ = {isa = PBXBuildFile; fileRef = 3D55AEC828D6B3F0004C8EAD /* x@3x.png */; };
		3D55AF2228D6B3F0004C8EAD /* x@2x.png in Resources */ = {isa = PBXBuildFile; fileRef = 3D55AEC928D6B3F0004C8EAD /* x@2x.png */; };
		3D55AF2328D6B3F0004C8EAD /* check-small@3x.png in Resources */ = {isa = PBXBuildFile; fileRef = 3D55AECA28D6B3F0004C8EAD /* check-small@3x.png */; };
		3D55AF2428D6B3F0004C8EAD /* redCloud@3x.png in Resources */ = {isa = PBXBuildFile; fileRef = 3D55AECE28D6B3F0004C8EAD /* redCloud@3x.png */; };
		3D55AF2528D6B3F0004C8EAD /* info.png in Resources */ = {isa = PBXBuildFile; fileRef = 3D55AECF28D6B3F0004C8EAD /* info.png */; };
		3D55AF2628D6B3F0004C8EAD /* redCloud@2x.png in Resources */ = {isa = PBXBuildFile; fileRef = 3D55AED028D6B3F0004C8EAD /* redCloud@2x.png */; };
		3D55AF2728D6B3F0004C8EAD /* info@3x.png in Resources */ = {isa = PBXBuildFile; fileRef = 3D55AED128D6B3F0004C8EAD /* info@3x.png */; };
		3D55AF2828D6B3F0004C8EAD /* info@2x.png in Resources */ = {isa = PBXBuildFile; fileRef = 3D55AED228D6B3F0004C8EAD /* info@2x.png */; };
		3D55AF2928D6B3F0004C8EAD /* checkmarkFlat.png in Resources */ = {isa = PBXBuildFile; fileRef = 3D55AED328D6B3F0004C8EAD /* checkmarkFlat.png */; };
		3D55AF2A28D6B3F0004C8EAD /* exclamationFill.png in Resources */ = {isa = PBXBuildFile; fileRef = 3D55AED428D6B3F0004C8EAD /* exclamationFill.png */; };
		3D55AF2B28D6B3F0004C8EAD /* exclamationFill@2x.png in Resources */ = {isa = PBXBuildFile; fileRef = 3D55AED528D6B3F0004C8EAD /* exclamationFill@2x.png */; };
		3D55AF2C28D6B3F0004C8EAD /* redCloud.png in Resources */ = {isa = PBXBuildFile; fileRef = 3D55AED628D6B3F0004C8EAD /* redCloud.png */; };
		3D55AF2D28D6B3F0004C8EAD /* checkmarkFlat@2x.png in Resources */ = {isa = PBXBuildFile; fileRef = 3D55AED728D6B3F0004C8EAD /* checkmarkFlat@2x.png */; };
		3D55AF2E28D6B3F0004C8EAD /* checkmarkFlat@3x.png in Resources */ = {isa = PBXBuildFile; fileRef = 3D55AED828D6B3F0004C8EAD /* checkmarkFlat@3x.png */; };
		3D55AF2F28D6B3F0004C8EAD /* exclamationFill@3x.png in Resources */ = {isa = PBXBuildFile; fileRef = 3D55AED928D6B3F0004C8EAD /* exclamationFill@3x.png */; };
		3D55AF3028D6B3F0004C8EAD /* xSmall@3x.png in Resources */ = {isa = PBXBuildFile; fileRef = 3D55AEDC28D6B3F0004C8EAD /* xSmall@3x.png */; };
		3D55AF3128D6B3F0004C8EAD /* xSmall.png in Resources */ = {isa = PBXBuildFile; fileRef = 3D55AEDD28D6B3F0004C8EAD /* xSmall.png */; };
		3D55AF3228D6B3F0004C8EAD /* xSmall@2x.png in Resources */ = {isa = PBXBuildFile; fileRef = 3D55AEDE28D6B3F0004C8EAD /* xSmall@2x.png */; };
		7699B88040F8A987B510C191 /* libPods-XiangkanRss-XiangkanRssTests.a in Frameworks */ = {isa = PBXBuildFile; fileRef = 19F6CBCC0A4E27FBF8BF4A61 /* libPods-XiangkanRss-XiangkanRssTests.a */; };
		81AB9BB82411601600AC10FF /* LaunchScreen.storyboard in Resources */ = {isa = PBXBuildFile; fileRef = 81AB9BB72411601600AC10FF /* LaunchScreen.storyboard */; };
/* End PBXBuildFile section */

/* Begin PBXContainerItemProxy section */
		00E356F41AD99517003FC87E /* PBXContainerItemProxy */ = {
			isa = PBXContainerItemProxy;
			containerPortal = 83CBB9F71A601CBA00E9B192 /* Project object */;
			proxyType = 1;
			remoteGlobalIDString = 13B07F861A680F5B00A75B9A;
			remoteInfo = XiangkanRss;
		};
/* End PBXContainerItemProxy section */

/* Begin PBXFileReference section */
		00E356EE1AD99517003FC87E /* XiangkanRssTests.xctest */ = {isa = PBXFileReference; explicitFileType = wrapper.cfbundle; includeInIndex = 0; path = XiangkanRssTests.xctest; sourceTree = BUILT_PRODUCTS_DIR; };
		00E356F11AD99517003FC87E /* Info.plist */ = {isa = PBXFileReference; lastKnownFileType = text.plist.xml; path = Info.plist; sourceTree = "<group>"; };
		00E356F21AD99517003FC87E /* XiangkanRssTests.m */ = {isa = PBXFileReference; lastKnownFileType = sourcecode.c.objc; path = XiangkanRssTests.m; sourceTree = "<group>"; };
		13B07F961A680F5B00A75B9A /* XiangkanRss.app */ = {isa = PBXFileReference; explicitFileType = wrapper.application; includeInIndex = 0; path = XiangkanRss.app; sourceTree = BUILT_PRODUCTS_DIR; };
		13B07FAF1A68108700A75B9A /* AppDelegate.h */ = {isa = PBXFileReference; fileEncoding = 4; lastKnownFileType = sourcecode.c.h; name = AppDelegate.h; path = XiangkanRss/AppDelegate.h; sourceTree = "<group>"; };
		13B07FB01A68108700A75B9A /* AppDelegate.mm */ = {isa = PBXFileReference; fileEncoding = 4; lastKnownFileType = sourcecode.cpp.objcpp; name = AppDelegate.mm; path = XiangkanRss/AppDelegate.mm; sourceTree = "<group>"; };
		13B07FB51A68108700A75B9A /* Images.xcassets */ = {isa = PBXFileReference; lastKnownFileType = folder.assetcatalog; name = Images.xcassets; path = XiangkanRss/Images.xcassets; sourceTree = "<group>"; };
		13B07FB61A68108700A75B9A /* Info.plist */ = {isa = PBXFileReference; fileEncoding = 4; lastKnownFileType = text.plist.xml; name = Info.plist; path = XiangkanRss/Info.plist; sourceTree = "<group>"; };
		13B07FB71A68108700A75B9A /* main.m */ = {isa = PBXFileReference; fileEncoding = 4; lastKnownFileType = sourcecode.c.objc; name = main.m; path = XiangkanRss/main.m; sourceTree = "<group>"; };
		19F6CBCC0A4E27FBF8BF4A61 /* libPods-XiangkanRss-XiangkanRssTests.a */ = {isa = PBXFileReference; explicitFileType = archive.ar; includeInIndex = 0; path = "libPods-XiangkanRss-XiangkanRssTests.a"; sourceTree = BUILT_PRODUCTS_DIR; };
		3B4392A12AC88292D35C810B /* Pods-XiangkanRss.debug.xcconfig */ = {isa = PBXFileReference; includeInIndex = 1; lastKnownFileType = text.xcconfig; name = "Pods-XiangkanRss.debug.xcconfig"; path = "Target Support Files/Pods-XiangkanRss/Pods-XiangkanRss.debug.xcconfig"; sourceTree = "<group>"; };
		3D55AE3E28D35E3B004C8EAD /* Fontisto.ttf */ = {isa = PBXFileReference; lastKnownFileType = file; path = Fontisto.ttf; sourceTree = "<group>"; };
		3D55AE3F28D35E3B004C8EAD /* Octicons.ttf */ = {isa = PBXFileReference; lastKnownFileType = file; path = Octicons.ttf; sourceTree = "<group>"; };
		3D55AE4028D35E3B004C8EAD /* Feather.ttf */ = {isa = PBXFileReference; lastKnownFileType = file; path = Feather.ttf; sourceTree = "<group>"; };
		3D55AE4128D35E3B004C8EAD /* Entypo.ttf */ = {isa = PBXFileReference; lastKnownFileType = file; path = Entypo.ttf; sourceTree = "<group>"; };
		3D55AE4228D35E3B004C8EAD /* FontAwesome5_Brands.ttf */ = {isa = PBXFileReference; lastKnownFileType = file; path = FontAwesome5_Brands.ttf; sourceTree = "<group>"; };
		3D55AE4328D35E3B004C8EAD /* MaterialCommunityIcons.ttf */ = {isa = PBXFileReference; lastKnownFileType = file; path = MaterialCommunityIcons.ttf; sourceTree = "<group>"; };
		3D55AE4428D35E3B004C8EAD /* AntDesign.ttf */ = {isa = PBXFileReference; lastKnownFileType = file; path = AntDesign.ttf; sourceTree = "<group>"; };
		3D55AE4528D35E3B004C8EAD /* Foundation.ttf */ = {isa = PBXFileReference; lastKnownFileType = file; path = Foundation.ttf; sourceTree = "<group>"; };
		3D55AE4628D35E3B004C8EAD /* Ionicons.ttf */ = {isa = PBXFileReference; lastKnownFileType = file; path = Ionicons.ttf; sourceTree = "<group>"; };
		3D55AE4728D35E3B004C8EAD /* FontAwesome5_Solid.ttf */ = {isa = PBXFileReference; lastKnownFileType = file; path = FontAwesome5_Solid.ttf; sourceTree = "<group>"; };
		3D55AE4828D35E3B004C8EAD /* FontAwesome5_Regular.ttf */ = {isa = PBXFileReference; lastKnownFileType = file; path = FontAwesome5_Regular.ttf; sourceTree = "<group>"; };
		3D55AE4928D35E3B004C8EAD /* FontAwesome.ttf */ = {isa = PBXFileReference; lastKnownFileType = file; path = FontAwesome.ttf; sourceTree = "<group>"; };
		3D55AE4A28D35E3B004C8EAD /* Zocial.ttf */ = {isa = PBXFileReference; lastKnownFileType = file; path = Zocial.ttf; sourceTree = "<group>"; };
		3D55AE4B28D35E3B004C8EAD /* EvilIcons.ttf */ = {isa = PBXFileReference; lastKnownFileType = file; path = EvilIcons.ttf; sourceTree = "<group>"; };
		3D55AE4C28D35E3B004C8EAD /* SimpleLineIcons.ttf */ = {isa = PBXFileReference; lastKnownFileType = file; path = SimpleLineIcons.ttf; sourceTree = "<group>"; };
		3D55AE4D28D35E3B004C8EAD /* MaterialIcons.ttf */ = {isa = PBXFileReference; lastKnownFileType = file; path = MaterialIcons.ttf; sourceTree = "<group>"; };
		3D55AE5F28D63919004C8EAD /* style4.css */ = {isa = PBXFileReference; fileEncoding = 4; lastKnownFileType = text.css; path = style4.css; sourceTree = "<group>"; };
		3D55AE6028D63919004C8EAD /* style1.css */ = {isa = PBXFileReference; fileEncoding = 4; lastKnownFileType = text.css; path = style1.css; sourceTree = "<group>"; };
		3D55AE6128D63919004C8EAD /* style2.css */ = {isa = PBXFileReference; fileEncoding = 4; lastKnownFileType = text.css; path = style2.css; sourceTree = "<group>"; };
		3D55AE6228D63919004C8EAD /* style3.css */ = {isa = PBXFileReference; fileEncoding = 4; lastKnownFileType = text.css; path = style3.css; sourceTree = "<group>"; };
		3D55AE6728D6B3F0004C8EAD /* main.jsbundle */ = {isa = PBXFileReference; fileEncoding = 4; lastKnownFileType = text; name = main.jsbundle; path = ../bundles/main.jsbundle; sourceTree = "<group>"; };
		3D55AE6E28D6B3F0004C8EAD /* back-icon@3x.png */ = {isa = PBXFileReference; lastKnownFileType = image.png; path = "back-icon@3x.png"; sourceTree = "<group>"; };
		3D55AE6F28D6B3F0004C8EAD /* back-icon@2x.png */ = {isa = PBXFileReference; lastKnownFileType = image.png; path = "back-icon@2x.png"; sourceTree = "<group>"; };
		3D55AE7028D6B3F0004C8EAD /* back-icon.png */ = {isa = PBXFileReference; lastKnownFileType = image.png; path = "back-icon.png"; sourceTree = "<group>"; };
		3D55AE7128D6B3F0004C8EAD /* back-icon-mask.png */ = {isa = PBXFileReference; lastKnownFileType = image.png; path = "back-icon-mask.png"; sourceTree = "<group>"; };
		3D55AE7728D6B3F0004C8EAD /* hintTipMiddle@2x.png */ = {isa = PBXFileReference; lastKnownFileType = image.png; path = "hintTipMiddle@2x.png"; sourceTree = "<group>"; };
		3D55AE7828D6B3F0004C8EAD /* hintTipMiddle@3x.png */ = {isa = PBXFileReference; lastKnownFileType = image.png; path = "hintTipMiddle@3x.png"; sourceTree = "<group>"; };
		3D55AE7928D6B3F0004C8EAD /* hintTipSide.png */ = {isa = PBXFileReference; lastKnownFileType = image.png; path = hintTipSide.png; sourceTree = "<group>"; };
		3D55AE7A28D6B3F0004C8EAD /* hintTipMiddle.png */ = {isa = PBXFileReference; lastKnownFileType = image.png; path = hintTipMiddle.png; sourceTree = "<group>"; };
		3D55AE7B28D6B3F0004C8EAD /* hintTipSide@3x.png */ = {isa = PBXFileReference; lastKnownFileType = image.png; path = "hintTipSide@3x.png"; sourceTree = "<group>"; };
		3D55AE7C28D6B3F0004C8EAD /* hintTipSide@2x.png */ = {isa = PBXFileReference; lastKnownFileType = image.png; path = "hintTipSide@2x.png"; sourceTree = "<group>"; };
		3D55AE7F28D6B3F0004C8EAD /* dropdown@2x.png */ = {isa = PBXFileReference; lastKnownFileType = image.png; path = "dropdown@2x.png"; sourceTree = "<group>"; };
		3D55AE8028D6B3F0004C8EAD /* dropdown@3x.png */ = {isa = PBXFileReference; lastKnownFileType = image.png; path = "dropdown@3x.png"; sourceTree = "<group>"; };
		3D55AE8128D6B3F0004C8EAD /* dropdown.png */ = {isa = PBXFileReference; lastKnownFileType = image.png; path = dropdown.png; sourceTree = "<group>"; };
		3D55AE8328D6B3F0004C8EAD /* gradient.png */ = {isa = PBXFileReference; lastKnownFileType = image.png; path = gradient.png; sourceTree = "<group>"; };
		3D55AE8628D6B3F0004C8EAD /* exclamationSmall@2x.png */ = {isa = PBXFileReference; lastKnownFileType = image.png; path = "exclamationSmall@2x.png"; sourceTree = "<group>"; };
		3D55AE8728D6B3F0004C8EAD /* exclamationSmall@3x.png */ = {isa = PBXFileReference; lastKnownFileType = image.png; path = "exclamationSmall@3x.png"; sourceTree = "<group>"; };
		3D55AE8828D6B3F0004C8EAD /* exclamationSmall.png */ = {isa = PBXFileReference; lastKnownFileType = image.png; path = exclamationSmall.png; sourceTree = "<group>"; };
		3D55AE8928D6B3F0004C8EAD /* checkMarkSmall.png */ = {isa = PBXFileReference; lastKnownFileType = image.png; path = checkMarkSmall.png; sourceTree = "<group>"; };
		3D55AE8A28D6B3F0004C8EAD /* checkMarkSmall@2x.png */ = {isa = PBXFileReference; lastKnownFileType = image.png; path = "checkMarkSmall@2x.png"; sourceTree = "<group>"; };
		3D55AE8B28D6B3F0004C8EAD /* checkMarkSmall@3x.png */ = {isa = PBXFileReference; lastKnownFileType = image.png; path = "checkMarkSmall@3x.png"; sourceTree = "<group>"; };
		3D55AE8E28D6B3F0004C8EAD /* arrow-down.png */ = {isa = PBXFileReference; lastKnownFileType = image.png; path = "arrow-down.png"; sourceTree = "<group>"; };
		3D55AE8F28D6B3F0004C8EAD /* arrow-down@2x.png */ = {isa = PBXFileReference; lastKnownFileType = image.png; path = "arrow-down@2x.png"; sourceTree = "<group>"; };
		3D55AE9028D6B3F0004C8EAD /* arrow-down@3x.png */ = {isa = PBXFileReference; lastKnownFileType = image.png; path = "arrow-down@3x.png"; sourceTree = "<group>"; };
		3D55AE9328D6B3F0004C8EAD /* plusOutline.png */ = {isa = PBXFileReference; lastKnownFileType = image.png; path = plusOutline.png; sourceTree = "<group>"; };
		3D55AE9428D6B3F0004C8EAD /* plusOutline@3x.png */ = {isa = PBXFileReference; lastKnownFileType = image.png; path = "plusOutline@3x.png"; sourceTree = "<group>"; };
		3D55AE9528D6B3F0004C8EAD /* minusOutlineSmall@3x.png */ = {isa = PBXFileReference; lastKnownFileType = image.png; path = "minusOutlineSmall@3x.png"; sourceTree = "<group>"; };
		3D55AE9628D6B3F0004C8EAD /* plusOutlineSmall@2x.png */ = {isa = PBXFileReference; lastKnownFileType = image.png; path = "plusOutlineSmall@2x.png"; sourceTree = "<group>"; };
		3D55AE9728D6B3F0004C8EAD /* plusOutlineSmall@3x.png */ = {isa = PBXFileReference; lastKnownFileType = image.png; path = "plusOutlineSmall@3x.png"; sourceTree = "<group>"; };
		3D55AE9828D6B3F0004C8EAD /* minusOutlineSmall@2x.png */ = {isa = PBXFileReference; lastKnownFileType = image.png; path = "minusOutlineSmall@2x.png"; sourceTree = "<group>"; };
		3D55AE9928D6B3F0004C8EAD /* plusOutline@2x.png */ = {isa = PBXFileReference; lastKnownFileType = image.png; path = "plusOutline@2x.png"; sourceTree = "<group>"; };
		3D55AE9A28D6B3F0004C8EAD /* minusOutlineSmall.png */ = {isa = PBXFileReference; lastKnownFileType = image.png; path = minusOutlineSmall.png; sourceTree = "<group>"; };
		3D55AE9B28D6B3F0004C8EAD /* minusOutline@2x.png */ = {isa = PBXFileReference; lastKnownFileType = image.png; path = "minusOutline@2x.png"; sourceTree = "<group>"; };
		3D55AE9C28D6B3F0004C8EAD /* minusOutline.png */ = {isa = PBXFileReference; lastKnownFileType = image.png; path = minusOutline.png; sourceTree = "<group>"; };
		3D55AE9D28D6B3F0004C8EAD /* minusOutline@3x.png */ = {isa = PBXFileReference; lastKnownFileType = image.png; path = "minusOutline@3x.png"; sourceTree = "<group>"; };
		3D55AE9E28D6B3F0004C8EAD /* plusOutlineSmall.png */ = {isa = PBXFileReference; lastKnownFileType = image.png; path = plusOutlineSmall.png; sourceTree = "<group>"; };
		3D55AEA228D6B3F0004C8EAD /* TransparentSwatch@2x.png */ = {isa = PBXFileReference; lastKnownFileType = image.png; path = "TransparentSwatch@2x.png"; sourceTree = "<group>"; };
		3D55AEA328D6B3F0004C8EAD /* TransparentSwatch@3x.png */ = {isa = PBXFileReference; lastKnownFileType = image.png; path = "TransparentSwatch@3x.png"; sourceTree = "<group>"; };
		3D55AEA428D6B3F0004C8EAD /* TransparentSwatch.png */ = {isa = PBXFileReference; lastKnownFileType = image.png; path = TransparentSwatch.png; sourceTree = "<group>"; };
		3D55AEA628D6B3F0004C8EAD /* gradientLeft.png */ = {isa = PBXFileReference; lastKnownFileType = image.png; path = gradientLeft.png; sourceTree = "<group>"; };
		3D55AEA728D6B3F0004C8EAD /* gradientRight.png */ = {isa = PBXFileReference; lastKnownFileType = image.png; path = gradientRight.png; sourceTree = "<group>"; };
		3D55AEA828D6B3F0004C8EAD /* gradientBottom.png */ = {isa = PBXFileReference; lastKnownFileType = image.png; path = gradientBottom.png; sourceTree = "<group>"; };
		3D55AEA928D6B3F0004C8EAD /* gradientTop.png */ = {isa = PBXFileReference; lastKnownFileType = image.png; path = gradientTop.png; sourceTree = "<group>"; };
		3D55AEAC28D6B3F0004C8EAD /* GradientOverlayLow@3x.png */ = {isa = PBXFileReference; lastKnownFileType = image.png; path = "GradientOverlayLow@3x.png"; sourceTree = "<group>"; };
		3D55AEAD28D6B3F0004C8EAD /* GradientOverlayLow@2x.png */ = {isa = PBXFileReference; lastKnownFileType = image.png; path = "GradientOverlayLow@2x.png"; sourceTree = "<group>"; };
		3D55AEAE28D6B3F0004C8EAD /* GradientOverlayMedium@2x.png */ = {isa = PBXFileReference; lastKnownFileType = image.png; path = "GradientOverlayMedium@2x.png"; sourceTree = "<group>"; };
		3D55AEAF28D6B3F0004C8EAD /* GradientOverlayMedium@3x.png */ = {isa = PBXFileReference; lastKnownFileType = image.png; path = "GradientOverlayMedium@3x.png"; sourceTree = "<group>"; };
		3D55AEB028D6B3F0004C8EAD /* GradientOverlayMedium.png */ = {isa = PBXFileReference; lastKnownFileType = image.png; path = GradientOverlayMedium.png; sourceTree = "<group>"; };
		3D55AEB128D6B3F0004C8EAD /* GradientOverlayHigh.png */ = {isa = PBXFileReference; lastKnownFileType = image.png; path = GradientOverlayHigh.png; sourceTree = "<group>"; };
		3D55AEB228D6B3F0004C8EAD /* GradientOverlayHigh@3x.png */ = {isa = PBXFileReference; lastKnownFileType = image.png; path = "GradientOverlayHigh@3x.png"; sourceTree = "<group>"; };
		3D55AEB328D6B3F0004C8EAD /* GradientOverlayHigh@2x.png */ = {isa = PBXFileReference; lastKnownFileType = image.png; path = "GradientOverlayHigh@2x.png"; sourceTree = "<group>"; };
		3D55AEB428D6B3F0004C8EAD /* GradientOverlayLow.png */ = {isa = PBXFileReference; lastKnownFileType = image.png; path = GradientOverlayLow.png; sourceTree = "<group>"; };
		3D55AEB728D6B3F0004C8EAD /* gradientOverlay.png */ = {isa = PBXFileReference; lastKnownFileType = image.png; path = gradientOverlay.png; sourceTree = "<group>"; };
		3D55AEBC28D6B3F0004C8EAD /* check.png */ = {isa = PBXFileReference; lastKnownFileType = image.png; path = check.png; sourceTree = "<group>"; };
		3D55AEBD28D6B3F0004C8EAD /* search@2x.png */ = {isa = PBXFileReference; lastKnownFileType = image.png; path = "search@2x.png"; sourceTree = "<group>"; };
		3D55AEBE28D6B3F0004C8EAD /* search@3x.png */ = {isa = PBXFileReference; lastKnownFileType = image.png; path = "search@3x.png"; sourceTree = "<group>"; };
		3D55AEBF28D6B3F0004C8EAD /* x.png */ = {isa = PBXFileReference; lastKnownFileType = image.png; path = x.png; sourceTree = "<group>"; };
		3D55AEC028D6B3F0004C8EAD /* plusSmall.png */ = {isa = PBXFileReference; lastKnownFileType = image.png; path = plusSmall.png; sourceTree = "<group>"; };
		3D55AEC128D6B3F0004C8EAD /* search.png */ = {isa = PBXFileReference; lastKnownFileType = image.png; path = search.png; sourceTree = "<group>"; };
		3D55AEC228D6B3F0004C8EAD /* plusSmall@2x.png */ = {isa = PBXFileReference; lastKnownFileType = image.png; path = "plusSmall@2x.png"; sourceTree = "<group>"; };
		3D55AEC328D6B3F0004C8EAD /* check@2x.png */ = {isa = PBXFileReference; lastKnownFileType = image.png; path = "check@2x.png"; sourceTree = "<group>"; };
		3D55AEC428D6B3F0004C8EAD /* check@3x.png */ = {isa = PBXFileReference; lastKnownFileType = image.png; path = "check@3x.png"; sourceTree = "<group>"; };
		3D55AEC528D6B3F0004C8EAD /* plusSmall@3x.png */ = {isa = PBXFileReference; lastKnownFileType = image.png; path = "plusSmall@3x.png"; sourceTree = "<group>"; };
		3D55AEC628D6B3F0004C8EAD /* check-small.png */ = {isa = PBXFileReference; lastKnownFileType = image.png; path = "check-small.png"; sourceTree = "<group>"; };
		3D55AEC728D6B3F0004C8EAD /* check-small@2x.png */ = {isa = PBXFileReference; lastKnownFileType = image.png; path = "check-small@2x.png"; sourceTree = "<group>"; };
		3D55AEC828D6B3F0004C8EAD /* x@3x.png */ = {isa = PBXFileReference; lastKnownFileType = image.png; path = "x@3x.png"; sourceTree = "<group>"; };
		3D55AEC928D6B3F0004C8EAD /* x@2x.png */ = {isa = PBXFileReference; lastKnownFileType = image.png; path = "x@2x.png"; sourceTree = "<group>"; };
		3D55AECA28D6B3F0004C8EAD /* check-small@3x.png */ = {isa = PBXFileReference; lastKnownFileType = image.png; path = "check-small@3x.png"; sourceTree = "<group>"; };
		3D55AECE28D6B3F0004C8EAD /* redCloud@3x.png */ = {isa = PBXFileReference; lastKnownFileType = image.png; path = "redCloud@3x.png"; sourceTree = "<group>"; };
		3D55AECF28D6B3F0004C8EAD /* info.png */ = {isa = PBXFileReference; lastKnownFileType = image.png; path = info.png; sourceTree = "<group>"; };
		3D55AED028D6B3F0004C8EAD /* redCloud@2x.png */ = {isa = PBXFileReference; lastKnownFileType = image.png; path = "redCloud@2x.png"; sourceTree = "<group>"; };
		3D55AED128D6B3F0004C8EAD /* info@3x.png */ = {isa = PBXFileReference; lastKnownFileType = image.png; path = "info@3x.png"; sourceTree = "<group>"; };
		3D55AED228D6B3F0004C8EAD /* info@2x.png */ = {isa = PBXFileReference; lastKnownFileType = image.png; path = "info@2x.png"; sourceTree = "<group>"; };
		3D55AED328D6B3F0004C8EAD /* checkmarkFlat.png */ = {isa = PBXFileReference; lastKnownFileType = image.png; path = checkmarkFlat.png; sourceTree = "<group>"; };
		3D55AED428D6B3F0004C8EAD /* exclamationFill.png */ = {isa = PBXFileReference; lastKnownFileType = image.png; path = exclamationFill.png; sourceTree = "<group>"; };
		3D55AED528D6B3F0004C8EAD /* exclamationFill@2x.png */ = {isa = PBXFileReference; lastKnownFileType = image.png; path = "exclamationFill@2x.png"; sourceTree = "<group>"; };
		3D55AED628D6B3F0004C8EAD /* redCloud.png */ = {isa = PBXFileReference; lastKnownFileType = image.png; path = redCloud.png; sourceTree = "<group>"; };
		3D55AED728D6B3F0004C8EAD /* checkmarkFlat@2x.png */ = {isa = PBXFileReference; lastKnownFileType = image.png; path = "checkmarkFlat@2x.png"; sourceTree = "<group>"; };
		3D55AED828D6B3F0004C8EAD /* checkmarkFlat@3x.png */ = {isa = PBXFileReference; lastKnownFileType = image.png; path = "checkmarkFlat@3x.png"; sourceTree = "<group>"; };
		3D55AED928D6B3F0004C8EAD /* exclamationFill@3x.png */ = {isa = PBXFileReference; lastKnownFileType = image.png; path = "exclamationFill@3x.png"; sourceTree = "<group>"; };
		3D55AEDC28D6B3F0004C8EAD /* xSmall@3x.png */ = {isa = PBXFileReference; lastKnownFileType = image.png; path = "xSmall@3x.png"; sourceTree = "<group>"; };
		3D55AEDD28D6B3F0004C8EAD /* xSmall.png */ = {isa = PBXFileReference; lastKnownFileType = image.png; path = xSmall.png; sourceTree = "<group>"; };
		3D55AEDE28D6B3F0004C8EAD /* xSmall@2x.png */ = {isa = PBXFileReference; lastKnownFileType = image.png; path = "xSmall@2x.png"; sourceTree = "<group>"; };
		5709B34CF0A7D63546082F79 /* Pods-XiangkanRss.release.xcconfig */ = {isa = PBXFileReference; includeInIndex = 1; lastKnownFileType = text.xcconfig; name = "Pods-XiangkanRss.release.xcconfig"; path = "Target Support Files/Pods-XiangkanRss/Pods-XiangkanRss.release.xcconfig"; sourceTree = "<group>"; };
		5B7EB9410499542E8C5724F5 /* Pods-XiangkanRss-XiangkanRssTests.debug.xcconfig */ = {isa = PBXFileReference; includeInIndex = 1; lastKnownFileType = text.xcconfig; name = "Pods-XiangkanRss-XiangkanRssTests.debug.xcconfig"; path = "Target Support Files/Pods-XiangkanRss-XiangkanRssTests/Pods-XiangkanRss-XiangkanRssTests.debug.xcconfig"; sourceTree = "<group>"; };
		5DCACB8F33CDC322A6C60F78 /* libPods-XiangkanRss.a */ = {isa = PBXFileReference; explicitFileType = archive.ar; includeInIndex = 0; path = "libPods-XiangkanRss.a"; sourceTree = BUILT_PRODUCTS_DIR; };
		81AB9BB72411601600AC10FF /* LaunchScreen.storyboard */ = {isa = PBXFileReference; fileEncoding = 4; lastKnownFileType = file.storyboard; name = LaunchScreen.storyboard; path = XiangkanRss/LaunchScreen.storyboard; sourceTree = "<group>"; };
		89C6BE57DB24E9ADA2F236DE /* Pods-XiangkanRss-XiangkanRssTests.release.xcconfig */ = {isa = PBXFileReference; includeInIndex = 1; lastKnownFileType = text.xcconfig; name = "Pods-XiangkanRss-XiangkanRssTests.release.xcconfig"; path = "Target Support Files/Pods-XiangkanRss-XiangkanRssTests/Pods-XiangkanRss-XiangkanRssTests.release.xcconfig"; sourceTree = "<group>"; };
		ED297162215061F000B7C4FE /* JavaScriptCore.framework */ = {isa = PBXFileReference; lastKnownFileType = wrapper.framework; name = JavaScriptCore.framework; path = System/Library/Frameworks/JavaScriptCore.framework; sourceTree = SDKROOT; };
/* End PBXFileReference section */

/* Begin PBXFrameworksBuildPhase section */
		00E356EB1AD99517003FC87E /* Frameworks */ = {
			isa = PBXFrameworksBuildPhase;
			buildActionMask = 2147483647;
			files = (
				7699B88040F8A987B510C191 /* libPods-XiangkanRss-XiangkanRssTests.a in Frameworks */,
			);
			runOnlyForDeploymentPostprocessing = 0;
		};
		13B07F8C1A680F5B00A75B9A /* Frameworks */ = {
			isa = PBXFrameworksBuildPhase;
			buildActionMask = 2147483647;
			files = (
				0C80B921A6F3F58F76C31292 /* libPods-XiangkanRss.a in Frameworks */,
			);
			runOnlyForDeploymentPostprocessing = 0;
		};
/* End PBXFrameworksBuildPhase section */

/* Begin PBXGroup section */
		00E356EF1AD99517003FC87E /* XiangkanRssTests */ = {
			isa = PBXGroup;
			children = (
				00E356F21AD99517003FC87E /* XiangkanRssTests.m */,
				00E356F01AD99517003FC87E /* Supporting Files */,
			);
			path = XiangkanRssTests;
			sourceTree = "<group>";
		};
		00E356F01AD99517003FC87E /* Supporting Files */ = {
			isa = PBXGroup;
			children = (
				00E356F11AD99517003FC87E /* Info.plist */,
			);
			name = "Supporting Files";
			sourceTree = "<group>";
		};
		13B07FAE1A68108700A75B9A /* XiangkanRss */ = {
			isa = PBXGroup;
			children = (
				3D55AE6828D6B3F0004C8EAD /* assets */,
				3D55AE6728D6B3F0004C8EAD /* main.jsbundle */,
				3D55AE5E28D63919004C8EAD /* rssstyle */,
				3D55AE3D28D35E3B004C8EAD /* Fonts */,
				13B07FAF1A68108700A75B9A /* AppDelegate.h */,
				13B07FB01A68108700A75B9A /* AppDelegate.mm */,
				13B07FB51A68108700A75B9A /* Images.xcassets */,
				13B07FB61A68108700A75B9A /* Info.plist */,
				81AB9BB72411601600AC10FF /* LaunchScreen.storyboard */,
				13B07FB71A68108700A75B9A /* main.m */,
			);
			name = XiangkanRss;
			sourceTree = "<group>";
		};
		2D16E6871FA4F8E400B85C8A /* Frameworks */ = {
			isa = PBXGroup;
			children = (
				ED297162215061F000B7C4FE /* JavaScriptCore.framework */,
				5DCACB8F33CDC322A6C60F78 /* libPods-XiangkanRss.a */,
				19F6CBCC0A4E27FBF8BF4A61 /* libPods-XiangkanRss-XiangkanRssTests.a */,
			);
			name = Frameworks;
			sourceTree = "<group>";
		};
		3D55AE3D28D35E3B004C8EAD /* Fonts */ = {
			isa = PBXGroup;
			children = (
				3D55AE3E28D35E3B004C8EAD /* Fontisto.ttf */,
				3D55AE3F28D35E3B004C8EAD /* Octicons.ttf */,
				3D55AE4028D35E3B004C8EAD /* Feather.ttf */,
				3D55AE4128D35E3B004C8EAD /* Entypo.ttf */,
				3D55AE4228D35E3B004C8EAD /* FontAwesome5_Brands.ttf */,
				3D55AE4328D35E3B004C8EAD /* MaterialCommunityIcons.ttf */,
				3D55AE4428D35E3B004C8EAD /* AntDesign.ttf */,
				3D55AE4528D35E3B004C8EAD /* Foundation.ttf */,
				3D55AE4628D35E3B004C8EAD /* Ionicons.ttf */,
				3D55AE4728D35E3B004C8EAD /* FontAwesome5_Solid.ttf */,
				3D55AE4828D35E3B004C8EAD /* FontAwesome5_Regular.ttf */,
				3D55AE4928D35E3B004C8EAD /* FontAwesome.ttf */,
				3D55AE4A28D35E3B004C8EAD /* Zocial.ttf */,
				3D55AE4B28D35E3B004C8EAD /* EvilIcons.ttf */,
				3D55AE4C28D35E3B004C8EAD /* SimpleLineIcons.ttf */,
				3D55AE4D28D35E3B004C8EAD /* MaterialIcons.ttf */,
			);
			name = Fonts;
			path = "../node_modules/react-native-vector-icons/Fonts";
			sourceTree = "<group>";
		};
		3D55AE5E28D63919004C8EAD /* rssstyle */ = {
			isa = PBXGroup;
			children = (
				3D55AE5F28D63919004C8EAD /* style4.css */,
				3D55AE6028D63919004C8EAD /* style1.css */,
				3D55AE6128D63919004C8EAD /* style2.css */,
				3D55AE6228D63919004C8EAD /* style3.css */,
			);
			name = rssstyle;
			path = ../reactnative/rssstyle;
			sourceTree = "<group>";
		};
		3D55AE6828D6B3F0004C8EAD /* assets */ = {
			isa = PBXGroup;
			children = (
				3D55AE6928D6B3F0004C8EAD /* node_modules */,
			);
			name = assets;
			path = ../bundles/assets;
			sourceTree = "<group>";
		};
		3D55AE6928D6B3F0004C8EAD /* node_modules */ = {
			isa = PBXGroup;
			children = (
				3D55AE6A28D6B3F0004C8EAD /* @react-navigation */,
				3D55AE7228D6B3F0004C8EAD /* react-native-ui-lib */,
			);
			path = node_modules;
			sourceTree = "<group>";
		};
		3D55AE6A28D6B3F0004C8EAD /* @react-navigation */ = {
			isa = PBXGroup;
			children = (
				3D55AE6B28D6B3F0004C8EAD /* elements */,
			);
			path = "@react-navigation";
			sourceTree = "<group>";
		};
		3D55AE6B28D6B3F0004C8EAD /* elements */ = {
			isa = PBXGroup;
			children = (
				3D55AE6C28D6B3F0004C8EAD /* src */,
			);
			path = elements;
			sourceTree = "<group>";
		};
		3D55AE6C28D6B3F0004C8EAD /* src */ = {
			isa = PBXGroup;
			children = (
				3D55AE6D28D6B3F0004C8EAD /* assets */,
			);
			path = src;
			sourceTree = "<group>";
		};
		3D55AE6D28D6B3F0004C8EAD /* assets */ = {
			isa = PBXGroup;
			children = (
				3D55AE6E28D6B3F0004C8EAD /* back-icon@3x.png */,
				3D55AE6F28D6B3F0004C8EAD /* back-icon@2x.png */,
				3D55AE7028D6B3F0004C8EAD /* back-icon.png */,
				3D55AE7128D6B3F0004C8EAD /* back-icon-mask.png */,
			);
			path = assets;
			sourceTree = "<group>";
		};
		3D55AE7228D6B3F0004C8EAD /* react-native-ui-lib */ = {
			isa = PBXGroup;
			children = (
				3D55AE7328D6B3F0004C8EAD /* src */,
			);
			path = "react-native-ui-lib";
			sourceTree = "<group>";
		};
		3D55AE7328D6B3F0004C8EAD /* src */ = {
			isa = PBXGroup;
			children = (
				3D55AE7428D6B3F0004C8EAD /* components */,
				3D55AEB828D6B3F0004C8EAD /* assets */,
				3D55AECB28D6B3F0004C8EAD /* incubator */,
			);
			path = src;
			sourceTree = "<group>";
		};
		3D55AE7428D6B3F0004C8EAD /* components */ = {
			isa = PBXGroup;
			children = (
				3D55AE7528D6B3F0004C8EAD /* hint */,
				3D55AE7D28D6B3F0004C8EAD /* picker */,
				3D55AE8228D6B3F0004C8EAD /* floatingButton */,
				3D55AE8428D6B3F0004C8EAD /* wizard */,
				3D55AE8C28D6B3F0004C8EAD /* stackAggregator */,
				3D55AE9128D6B3F0004C8EAD /* stepper */,
				3D55AE9F28D6B3F0004C8EAD /* colorSwatch */,
				3D55AEA528D6B3F0004C8EAD /* fader */,
				3D55AEAA28D6B3F0004C8EAD /* overlay */,
				3D55AEB528D6B3F0004C8EAD /* scrollBar */,
			);
			path = components;
			sourceTree = "<group>";
		};
		3D55AE7528D6B3F0004C8EAD /* hint */ = {
			isa = PBXGroup;
			children = (
				3D55AE7628D6B3F0004C8EAD /* assets */,
			);
			path = hint;
			sourceTree = "<group>";
		};
		3D55AE7628D6B3F0004C8EAD /* assets */ = {
			isa = PBXGroup;
			children = (
				3D55AE7728D6B3F0004C8EAD /* hintTipMiddle@2x.png */,
				3D55AE7828D6B3F0004C8EAD /* hintTipMiddle@3x.png */,
				3D55AE7928D6B3F0004C8EAD /* hintTipSide.png */,
				3D55AE7A28D6B3F0004C8EAD /* hintTipMiddle.png */,
				3D55AE7B28D6B3F0004C8EAD /* hintTipSide@3x.png */,
				3D55AE7C28D6B3F0004C8EAD /* hintTipSide@2x.png */,
			);
			path = assets;
			sourceTree = "<group>";
		};
		3D55AE7D28D6B3F0004C8EAD /* picker */ = {
			isa = PBXGroup;
			children = (
				3D55AE7E28D6B3F0004C8EAD /* assets */,
			);
			path = picker;
			sourceTree = "<group>";
		};
		3D55AE7E28D6B3F0004C8EAD /* assets */ = {
			isa = PBXGroup;
			children = (
				3D55AE7F28D6B3F0004C8EAD /* dropdown@2x.png */,
				3D55AE8028D6B3F0004C8EAD /* dropdown@3x.png */,
				3D55AE8128D6B3F0004C8EAD /* dropdown.png */,
			);
			path = assets;
			sourceTree = "<group>";
		};
		3D55AE8228D6B3F0004C8EAD /* floatingButton */ = {
			isa = PBXGroup;
			children = (
				3D55AE8328D6B3F0004C8EAD /* gradient.png */,
			);
			path = floatingButton;
			sourceTree = "<group>";
		};
		3D55AE8428D6B3F0004C8EAD /* wizard */ = {
			isa = PBXGroup;
			children = (
				3D55AE8528D6B3F0004C8EAD /* assets */,
			);
			path = wizard;
			sourceTree = "<group>";
		};
		3D55AE8528D6B3F0004C8EAD /* assets */ = {
			isa = PBXGroup;
			children = (
				3D55AE8628D6B3F0004C8EAD /* exclamationSmall@2x.png */,
				3D55AE8728D6B3F0004C8EAD /* exclamationSmall@3x.png */,
				3D55AE8828D6B3F0004C8EAD /* exclamationSmall.png */,
				3D55AE8928D6B3F0004C8EAD /* checkMarkSmall.png */,
				3D55AE8A28D6B3F0004C8EAD /* checkMarkSmall@2x.png */,
				3D55AE8B28D6B3F0004C8EAD /* checkMarkSmall@3x.png */,
			);
			path = assets;
			sourceTree = "<group>";
		};
		3D55AE8C28D6B3F0004C8EAD /* stackAggregator */ = {
			isa = PBXGroup;
			children = (
				3D55AE8D28D6B3F0004C8EAD /* assets */,
			);
			path = stackAggregator;
			sourceTree = "<group>";
		};
		3D55AE8D28D6B3F0004C8EAD /* assets */ = {
			isa = PBXGroup;
			children = (
				3D55AE8E28D6B3F0004C8EAD /* arrow-down.png */,
				3D55AE8F28D6B3F0004C8EAD /* arrow-down@2x.png */,
				3D55AE9028D6B3F0004C8EAD /* arrow-down@3x.png */,
			);
			path = assets;
			sourceTree = "<group>";
		};
		3D55AE9128D6B3F0004C8EAD /* stepper */ = {
			isa = PBXGroup;
			children = (
				3D55AE9228D6B3F0004C8EAD /* assets */,
			);
			path = stepper;
			sourceTree = "<group>";
		};
		3D55AE9228D6B3F0004C8EAD /* assets */ = {
			isa = PBXGroup;
			children = (
				3D55AE9328D6B3F0004C8EAD /* plusOutline.png */,
				3D55AE9428D6B3F0004C8EAD /* plusOutline@3x.png */,
				3D55AE9528D6B3F0004C8EAD /* minusOutlineSmall@3x.png */,
				3D55AE9628D6B3F0004C8EAD /* plusOutlineSmall@2x.png */,
				3D55AE9728D6B3F0004C8EAD /* plusOutlineSmall@3x.png */,
				3D55AE9828D6B3F0004C8EAD /* minusOutlineSmall@2x.png */,
				3D55AE9928D6B3F0004C8EAD /* plusOutline@2x.png */,
				3D55AE9A28D6B3F0004C8EAD /* minusOutlineSmall.png */,
				3D55AE9B28D6B3F0004C8EAD /* minusOutline@2x.png */,
				3D55AE9C28D6B3F0004C8EAD /* minusOutline.png */,
				3D55AE9D28D6B3F0004C8EAD /* minusOutline@3x.png */,
				3D55AE9E28D6B3F0004C8EAD /* plusOutlineSmall.png */,
			);
			path = assets;
			sourceTree = "<group>";
		};
		3D55AE9F28D6B3F0004C8EAD /* colorSwatch */ = {
			isa = PBXGroup;
			children = (
				3D55AEA028D6B3F0004C8EAD /* assets */,
			);
			path = colorSwatch;
			sourceTree = "<group>";
		};
		3D55AEA028D6B3F0004C8EAD /* assets */ = {
			isa = PBXGroup;
			children = (
				3D55AEA128D6B3F0004C8EAD /* transparentSwatch */,
			);
			path = assets;
			sourceTree = "<group>";
		};
		3D55AEA128D6B3F0004C8EAD /* transparentSwatch */ = {
			isa = PBXGroup;
			children = (
				3D55AEA228D6B3F0004C8EAD /* TransparentSwatch@2x.png */,
				3D55AEA328D6B3F0004C8EAD /* TransparentSwatch@3x.png */,
				3D55AEA428D6B3F0004C8EAD /* TransparentSwatch.png */,
			);
			path = transparentSwatch;
			sourceTree = "<group>";
		};
		3D55AEA528D6B3F0004C8EAD /* fader */ = {
			isa = PBXGroup;
			children = (
				3D55AEA628D6B3F0004C8EAD /* gradientLeft.png */,
				3D55AEA728D6B3F0004C8EAD /* gradientRight.png */,
				3D55AEA828D6B3F0004C8EAD /* gradientBottom.png */,
				3D55AEA928D6B3F0004C8EAD /* gradientTop.png */,
			);
			path = fader;
			sourceTree = "<group>";
		};
		3D55AEAA28D6B3F0004C8EAD /* overlay */ = {
			isa = PBXGroup;
			children = (
				3D55AEAB28D6B3F0004C8EAD /* assets */,
			);
			path = overlay;
			sourceTree = "<group>";
		};
		3D55AEAB28D6B3F0004C8EAD /* assets */ = {
			isa = PBXGroup;
			children = (
				3D55AEAC28D6B3F0004C8EAD /* GradientOverlayLow@3x.png */,
				3D55AEAD28D6B3F0004C8EAD /* GradientOverlayLow@2x.png */,
				3D55AEAE28D6B3F0004C8EAD /* GradientOverlayMedium@2x.png */,
				3D55AEAF28D6B3F0004C8EAD /* GradientOverlayMedium@3x.png */,
				3D55AEB028D6B3F0004C8EAD /* GradientOverlayMedium.png */,
				3D55AEB128D6B3F0004C8EAD /* GradientOverlayHigh.png */,
				3D55AEB228D6B3F0004C8EAD /* GradientOverlayHigh@3x.png */,
				3D55AEB328D6B3F0004C8EAD /* GradientOverlayHigh@2x.png */,
				3D55AEB428D6B3F0004C8EAD /* GradientOverlayLow.png */,
			);
			path = assets;
			sourceTree = "<group>";
		};
		3D55AEB528D6B3F0004C8EAD /* scrollBar */ = {
			isa = PBXGroup;
			children = (
				3D55AEB628D6B3F0004C8EAD /* assets */,
			);
			path = scrollBar;
			sourceTree = "<group>";
		};
		3D55AEB628D6B3F0004C8EAD /* assets */ = {
			isa = PBXGroup;
			children = (
				3D55AEB728D6B3F0004C8EAD /* gradientOverlay.png */,
			);
			path = assets;
			sourceTree = "<group>";
		};
		3D55AEB828D6B3F0004C8EAD /* assets */ = {
			isa = PBXGroup;
			children = (
				3D55AEBB28D6B3F0004C8EAD /* icons */,
			);
			path = assets;
			sourceTree = "<group>";
		};
		3D55AEBB28D6B3F0004C8EAD /* icons */ = {
			isa = PBXGroup;
			children = (
				3D55AEBC28D6B3F0004C8EAD /* check.png */,
				3D55AEBD28D6B3F0004C8EAD /* search@2x.png */,
				3D55AEBE28D6B3F0004C8EAD /* search@3x.png */,
				3D55AEBF28D6B3F0004C8EAD /* x.png */,
				3D55AEC028D6B3F0004C8EAD /* plusSmall.png */,
				3D55AEC128D6B3F0004C8EAD /* search.png */,
				3D55AEC228D6B3F0004C8EAD /* plusSmall@2x.png */,
				3D55AEC328D6B3F0004C8EAD /* check@2x.png */,
				3D55AEC428D6B3F0004C8EAD /* check@3x.png */,
				3D55AEC528D6B3F0004C8EAD /* plusSmall@3x.png */,
				3D55AEC628D6B3F0004C8EAD /* check-small.png */,
				3D55AEC728D6B3F0004C8EAD /* check-small@2x.png */,
				3D55AEC828D6B3F0004C8EAD /* x@3x.png */,
				3D55AEC928D6B3F0004C8EAD /* x@2x.png */,
				3D55AECA28D6B3F0004C8EAD /* check-small@3x.png */,
			);
			path = icons;
			sourceTree = "<group>";
		};
		3D55AECB28D6B3F0004C8EAD /* incubator */ = {
			isa = PBXGroup;
			children = (
				3D55AECC28D6B3F0004C8EAD /* toast */,
				3D55AEDA28D6B3F0004C8EAD /* ChipsInput */,
			);
			path = incubator;
			sourceTree = "<group>";
		};
		3D55AECC28D6B3F0004C8EAD /* toast */ = {
			isa = PBXGroup;
			children = (
				3D55AECD28D6B3F0004C8EAD /* assets */,
			);
			path = toast;
			sourceTree = "<group>";
		};
		3D55AECD28D6B3F0004C8EAD /* assets */ = {
			isa = PBXGroup;
			children = (
				3D55AECE28D6B3F0004C8EAD /* redCloud@3x.png */,
				3D55AECF28D6B3F0004C8EAD /* info.png */,
				3D55AED028D6B3F0004C8EAD /* redCloud@2x.png */,
				3D55AED128D6B3F0004C8EAD /* info@3x.png */,
				3D55AED228D6B3F0004C8EAD /* info@2x.png */,
				3D55AED328D6B3F0004C8EAD /* checkmarkFlat.png */,
				3D55AED428D6B3F0004C8EAD /* exclamationFill.png */,
				3D55AED528D6B3F0004C8EAD /* exclamationFill@2x.png */,
				3D55AED628D6B3F0004C8EAD /* redCloud.png */,
				3D55AED728D6B3F0004C8EAD /* checkmarkFlat@2x.png */,
				3D55AED828D6B3F0004C8EAD /* checkmarkFlat@3x.png */,
				3D55AED928D6B3F0004C8EAD /* exclamationFill@3x.png */,
			);
			path = assets;
			sourceTree = "<group>";
		};
		3D55AEDA28D6B3F0004C8EAD /* ChipsInput */ = {
			isa = PBXGroup;
			children = (
				3D55AEDB28D6B3F0004C8EAD /* assets */,
			);
			path = ChipsInput;
			sourceTree = "<group>";
		};
		3D55AEDB28D6B3F0004C8EAD /* assets */ = {
			isa = PBXGroup;
			children = (
				3D55AEDC28D6B3F0004C8EAD /* xSmall@3x.png */,
				3D55AEDD28D6B3F0004C8EAD /* xSmall.png */,
				3D55AEDE28D6B3F0004C8EAD /* xSmall@2x.png */,
			);
			path = assets;
			sourceTree = "<group>";
		};
		832341AE1AAA6A7D00B99B32 /* Libraries */ = {
			isa = PBXGroup;
			children = (
			);
			name = Libraries;
			sourceTree = "<group>";
		};
		83CBB9F61A601CBA00E9B192 = {
			isa = PBXGroup;
			children = (
				13B07FAE1A68108700A75B9A /* XiangkanRss */,
				832341AE1AAA6A7D00B99B32 /* Libraries */,
				00E356EF1AD99517003FC87E /* XiangkanRssTests */,
				83CBBA001A601CBA00E9B192 /* Products */,
				2D16E6871FA4F8E400B85C8A /* Frameworks */,
				BBD78D7AC51CEA395F1C20DB /* Pods */,
			);
			indentWidth = 2;
			sourceTree = "<group>";
			tabWidth = 2;
			usesTabs = 0;
		};
		83CBBA001A601CBA00E9B192 /* Products */ = {
			isa = PBXGroup;
			children = (
				13B07F961A680F5B00A75B9A /* XiangkanRss.app */,
				00E356EE1AD99517003FC87E /* XiangkanRssTests.xctest */,
			);
			name = Products;
			sourceTree = "<group>";
		};
		BBD78D7AC51CEA395F1C20DB /* Pods */ = {
			isa = PBXGroup;
			children = (
				3B4392A12AC88292D35C810B /* Pods-XiangkanRss.debug.xcconfig */,
				5709B34CF0A7D63546082F79 /* Pods-XiangkanRss.release.xcconfig */,
				5B7EB9410499542E8C5724F5 /* Pods-XiangkanRss-XiangkanRssTests.debug.xcconfig */,
				89C6BE57DB24E9ADA2F236DE /* Pods-XiangkanRss-XiangkanRssTests.release.xcconfig */,
			);
			path = Pods;
			sourceTree = "<group>";
		};
/* End PBXGroup section */

/* Begin PBXNativeTarget section */
		00E356ED1AD99517003FC87E /* XiangkanRssTests */ = {
			isa = PBXNativeTarget;
			buildConfigurationList = 00E357021AD99517003FC87E /* Build configuration list for PBXNativeTarget "XiangkanRssTests" */;
			buildPhases = (
				A55EABD7B0C7F3A422A6CC61 /* [CP] Check Pods Manifest.lock */,
				00E356EA1AD99517003FC87E /* Sources */,
				00E356EB1AD99517003FC87E /* Frameworks */,
				00E356EC1AD99517003FC87E /* Resources */,
				C59DA0FBD6956966B86A3779 /* [CP] Embed Pods Frameworks */,
				F6A41C54EA430FDDC6A6ED99 /* [CP] Copy Pods Resources */,
			);
			buildRules = (
			);
			dependencies = (
				00E356F51AD99517003FC87E /* PBXTargetDependency */,
			);
			name = XiangkanRssTests;
			productName = XiangkanRssTests;
			productReference = 00E356EE1AD99517003FC87E /* XiangkanRssTests.xctest */;
			productType = "com.apple.product-type.bundle.unit-test";
		};
		13B07F861A680F5B00A75B9A /* XiangkanRss */ = {
			isa = PBXNativeTarget;
			buildConfigurationList = 13B07F931A680F5B00A75B9A /* Build configuration list for PBXNativeTarget "XiangkanRss" */;
			buildPhases = (
				C38B50BA6285516D6DCD4F65 /* [CP] Check Pods Manifest.lock */,
				FD10A7F022414F080027D42C /* Start Packager */,
				13B07F871A680F5B00A75B9A /* Sources */,
				13B07F8C1A680F5B00A75B9A /* Frameworks */,
				13B07F8E1A680F5B00A75B9A /* Resources */,
				00DD1BFF1BD5951E006B06BC /* Bundle React Native code and images */,
				00EEFC60759A1932668264C0 /* [CP] Embed Pods Frameworks */,
				E235C05ADACE081382539298 /* [CP] Copy Pods Resources */,
			);
			buildRules = (
			);
			dependencies = (
			);
			name = XiangkanRss;
			productName = XiangkanRss;
			productReference = 13B07F961A680F5B00A75B9A /* XiangkanRss.app */;
			productType = "com.apple.product-type.application";
		};
/* End PBXNativeTarget section */

/* Begin PBXProject section */
		83CBB9F71A601CBA00E9B192 /* Project object */ = {
			isa = PBXProject;
			attributes = {
				LastUpgradeCheck = 1210;
				TargetAttributes = {
					00E356ED1AD99517003FC87E = {
						CreatedOnToolsVersion = 6.2;
						TestTargetID = 13B07F861A680F5B00A75B9A;
					};
					13B07F861A680F5B00A75B9A = {
						LastSwiftMigration = 1120;
					};
				};
			};
			buildConfigurationList = 83CBB9FA1A601CBA00E9B192 /* Build configuration list for PBXProject "XiangkanRss" */;
			compatibilityVersion = "Xcode 12.0";
			developmentRegion = en;
			hasScannedForEncodings = 0;
			knownRegions = (
				en,
				Base,
			);
			mainGroup = 83CBB9F61A601CBA00E9B192;
			productRefGroup = 83CBBA001A601CBA00E9B192 /* Products */;
			projectDirPath = "";
			projectRoot = "";
			targets = (
				13B07F861A680F5B00A75B9A /* XiangkanRss */,
				00E356ED1AD99517003FC87E /* XiangkanRssTests */,
			);
		};
/* End PBXProject section */

/* Begin PBXResourcesBuildPhase section */
		00E356EC1AD99517003FC87E /* Resources */ = {
			isa = PBXResourcesBuildPhase;
			buildActionMask = 2147483647;
			files = (
			);
			runOnlyForDeploymentPostprocessing = 0;
		};
		13B07F8E1A680F5B00A75B9A /* Resources */ = {
			isa = PBXResourcesBuildPhase;
			buildActionMask = 2147483647;
			files = (
				3D55AEEE28D6B3F0004C8EAD /* exclamationSmall@2x.png in Resources */,
				3D55AF2928D6B3F0004C8EAD /* checkmarkFlat.png in Resources */,
				3D55AEEC28D6B3F0004C8EAD /* dropdown.png in Resources */,
				3D55AF1F28D6B3F0004C8EAD /* check-small.png in Resources */,
				3D55AF2228D6B3F0004C8EAD /* x@2x.png in Resources */,
				3D55AF1628D6B3F0004C8EAD /* search@2x.png in Resources */,
				3D55AF2D28D6B3F0004C8EAD /* checkmarkFlat@2x.png in Resources */,
				3D55AE6328D6391A004C8EAD /* style4.css in Resources */,
				3D55AF2B28D6B3F0004C8EAD /* exclamationFill@2x.png in Resources */,
				3D55AF2728D6B3F0004C8EAD /* info@3x.png in Resources */,
				3D55AF2A28D6B3F0004C8EAD /* exclamationFill.png in Resources */,
				3D55AE6628D6391A004C8EAD /* style3.css in Resources */,
				3D55AF1B28D6B3F0004C8EAD /* plusSmall@2x.png in Resources */,
				3D55AEEF28D6B3F0004C8EAD /* exclamationSmall@3x.png in Resources */,
				3D55AEF628D6B3F0004C8EAD /* arrow-down@3x.png in Resources */,
				3D55AF1A28D6B3F0004C8EAD /* search.png in Resources */,
				3D55AF0C28D6B3F0004C8EAD /* GradientOverlayMedium@2x.png in Resources */,
				3D55AEF428D6B3F0004C8EAD /* arrow-down.png in Resources */,
				3D55AF1E28D6B3F0004C8EAD /* plusSmall@3x.png in Resources */,
				3D55AF0728D6B3F0004C8EAD /* gradientRight.png in Resources */,
				3D55AF2328D6B3F0004C8EAD /* check-small@3x.png in Resources */,
				3D55AF0928D6B3F0004C8EAD /* gradientTop.png in Resources */,
				3D55AF2E28D6B3F0004C8EAD /* checkmarkFlat@3x.png in Resources */,
				3D55AF0828D6B3F0004C8EAD /* gradientBottom.png in Resources */,
				3D55AF1128D6B3F0004C8EAD /* GradientOverlayHigh@2x.png in Resources */,
				3D55AEEB28D6B3F0004C8EAD /* dropdown@3x.png in Resources */,
				3D55AF0A28D6B3F0004C8EAD /* GradientOverlayLow@3x.png in Resources */,
				3D55AEE128D6B3F0004C8EAD /* back-icon@2x.png in Resources */,
				3D55AEE928D6B3F0004C8EAD /* hintTipSide@2x.png in Resources */,
				3D55AF2628D6B3F0004C8EAD /* redCloud@2x.png in Resources */,
				3D55AF0428D6B3F0004C8EAD /* TransparentSwatch@3x.png in Resources */,
				3D55AEFC28D6B3F0004C8EAD /* minusOutlineSmall@2x.png in Resources */,
				3D55AEF128D6B3F0004C8EAD /* checkMarkSmall.png in Resources */,
				3D55AF0228D6B3F0004C8EAD /* plusOutlineSmall.png in Resources */,
				3D55AF2C28D6B3F0004C8EAD /* redCloud.png in Resources */,
				3D55AF3028D6B3F0004C8EAD /* xSmall@3x.png in Resources */,
				3D55AF3228D6B3F0004C8EAD /* xSmall@2x.png in Resources */,
				3D55AF0E28D6B3F0004C8EAD /* GradientOverlayMedium.png in Resources */,
				3D55AEE628D6B3F0004C8EAD /* hintTipSide.png in Resources */,
				3D55AF0528D6B3F0004C8EAD /* TransparentSwatch.png in Resources */,
				3D55AF2128D6B3F0004C8EAD /* x@3x.png in Resources */,
				3D55AF0B28D6B3F0004C8EAD /* GradientOverlayLow@2x.png in Resources */,
				3D55AF3128D6B3F0004C8EAD /* xSmall.png in Resources */,
				3D55AF0D28D6B3F0004C8EAD /* GradientOverlayMedium@3x.png in Resources */,
				3D55AF1D28D6B3F0004C8EAD /* check@3x.png in Resources */,
				3D55AF1028D6B3F0004C8EAD /* GradientOverlayHigh@3x.png in Resources */,
				3D55AF2528D6B3F0004C8EAD /* info.png in Resources */,
				3D55AF0128D6B3F0004C8EAD /* minusOutline@3x.png in Resources */,
				81AB9BB82411601600AC10FF /* LaunchScreen.storyboard in Resources */,
				3D55AF2028D6B3F0004C8EAD /* check-small@2x.png in Resources */,
				3D55AEE828D6B3F0004C8EAD /* hintTipSide@3x.png in Resources */,
				3D55AEE428D6B3F0004C8EAD /* hintTipMiddle@2x.png in Resources */,
				3D55AF0F28D6B3F0004C8EAD /* GradientOverlayHigh.png in Resources */,
				3D55AEFA28D6B3F0004C8EAD /* plusOutlineSmall@2x.png in Resources */,
				3D55AEFB28D6B3F0004C8EAD /* plusOutlineSmall@3x.png in Resources */,
				3D55AF1228D6B3F0004C8EAD /* GradientOverlayLow.png in Resources */,
				3D55AF1728D6B3F0004C8EAD /* search@3x.png in Resources */,
				3D55AF1528D6B3F0004C8EAD /* check.png in Resources */,
				3D55AEFD28D6B3F0004C8EAD /* plusOutline@2x.png in Resources */,
				3D55AEF328D6B3F0004C8EAD /* checkMarkSmall@3x.png in Resources */,
				3D55AF2828D6B3F0004C8EAD /* info@2x.png in Resources */,
				3D55AEED28D6B3F0004C8EAD /* gradient.png in Resources */,
				3D55AEF228D6B3F0004C8EAD /* checkMarkSmall@2x.png in Resources */,
				3D55AF2428D6B3F0004C8EAD /* redCloud@3x.png in Resources */,
				3D55AF1328D6B3F0004C8EAD /* gradientOverlay.png in Resources */,
				13B07FBF1A68108700A75B9A /* Images.xcassets in Resources */,
				3D55AEFF28D6B3F0004C8EAD /* minusOutline@2x.png in Resources */,
				3D55AF1C28D6B3F0004C8EAD /* check@2x.png in Resources */,
				3D55AE6528D6391A004C8EAD /* style2.css in Resources */,
				3D55AEF828D6B3F0004C8EAD /* plusOutline@3x.png in Resources */,
				3D55AEE028D6B3F0004C8EAD /* back-icon@3x.png in Resources */,
				3D55AF1828D6B3F0004C8EAD /* x.png in Resources */,
				3D55AF0328D6B3F0004C8EAD /* TransparentSwatch@2x.png in Resources */,
				3D55AEEA28D6B3F0004C8EAD /* dropdown@2x.png in Resources */,
				3D55AEE328D6B3F0004C8EAD /* back-icon-mask.png in Resources */,
				3D55AEF728D6B3F0004C8EAD /* plusOutline.png in Resources */,
				3D55AEE728D6B3F0004C8EAD /* hintTipMiddle.png in Resources */,
				3D55AF0028D6B3F0004C8EAD /* minusOutline.png in Resources */,
				3D55AEE528D6B3F0004C8EAD /* hintTipMiddle@3x.png in Resources */,
				3D55AF1928D6B3F0004C8EAD /* plusSmall.png in Resources */,
				3D55AEDF28D6B3F0004C8EAD /* main.jsbundle in Resources */,
				3D55AEF928D6B3F0004C8EAD /* minusOutlineSmall@3x.png in Resources */,
				3D55AEFE28D6B3F0004C8EAD /* minusOutlineSmall.png in Resources */,
				3D55AEF028D6B3F0004C8EAD /* exclamationSmall.png in Resources */,
				3D55AE6428D6391A004C8EAD /* style1.css in Resources */,
				3D55AF2F28D6B3F0004C8EAD /* exclamationFill@3x.png in Resources */,
				3D55AEE228D6B3F0004C8EAD /* back-icon.png in Resources */,
				3D55AF0628D6B3F0004C8EAD /* gradientLeft.png in Resources */,
				3D55AEF528D6B3F0004C8EAD /* arrow-down@2x.png in Resources */,
			);
			runOnlyForDeploymentPostprocessing = 0;
		};
/* End PBXResourcesBuildPhase section */

/* Begin PBXShellScriptBuildPhase section */
		00DD1BFF1BD5951E006B06BC /* Bundle React Native code and images */ = {
			isa = PBXShellScriptBuildPhase;
			buildActionMask = 2147483647;
			files = (
			);
			inputPaths = (
				"$(SRCROOT)/.xcode.env.local",
				"$(SRCROOT)/.xcode.env",
			);
			name = "Bundle React Native code and images";
			outputPaths = (
			);
			runOnlyForDeploymentPostprocessing = 0;
			shellPath = /bin/sh;
			shellScript = "set -e\n\nWITH_ENVIRONMENT=\"../node_modules/react-native/scripts/xcode/with-environment.sh\"\nREACT_NATIVE_XCODE=\"../node_modules/react-native/scripts/react-native-xcode.sh\"\n\n/bin/sh -c \"$WITH_ENVIRONMENT $REACT_NATIVE_XCODE\"\n";
		};
		00EEFC60759A1932668264C0 /* [CP] Embed Pods Frameworks */ = {
			isa = PBXShellScriptBuildPhase;
			buildActionMask = 2147483647;
			files = (
			);
			inputFileListPaths = (
				"${PODS_ROOT}/Target Support Files/Pods-XiangkanRss/Pods-XiangkanRss-frameworks-${CONFIGURATION}-input-files.xcfilelist",
			);
			name = "[CP] Embed Pods Frameworks";
			outputFileListPaths = (
				"${PODS_ROOT}/Target Support Files/Pods-XiangkanRss/Pods-XiangkanRss-frameworks-${CONFIGURATION}-output-files.xcfilelist",
			);
			runOnlyForDeploymentPostprocessing = 0;
			shellPath = /bin/sh;
			shellScript = "\"${PODS_ROOT}/Target Support Files/Pods-XiangkanRss/Pods-XiangkanRss-frameworks.sh\"\n";
			showEnvVarsInLog = 0;
		};
		A55EABD7B0C7F3A422A6CC61 /* [CP] Check Pods Manifest.lock */ = {
			isa = PBXShellScriptBuildPhase;
			buildActionMask = 2147483647;
			files = (
			);
			inputFileListPaths = (
			);
			inputPaths = (
				"${PODS_PODFILE_DIR_PATH}/Podfile.lock",
				"${PODS_ROOT}/Manifest.lock",
			);
			name = "[CP] Check Pods Manifest.lock";
			outputFileListPaths = (
			);
			outputPaths = (
				"$(DERIVED_FILE_DIR)/Pods-XiangkanRss-XiangkanRssTests-checkManifestLockResult.txt",
			);
			runOnlyForDeploymentPostprocessing = 0;
			shellPath = /bin/sh;
			shellScript = "diff \"${PODS_PODFILE_DIR_PATH}/Podfile.lock\" \"${PODS_ROOT}/Manifest.lock\" > /dev/null\nif [ $? != 0 ] ; then\n    # print error to STDERR\n    echo \"error: The sandbox is not in sync with the Podfile.lock. Run 'pod install' or update your CocoaPods installation.\" >&2\n    exit 1\nfi\n# This output is used by Xcode 'outputs' to avoid re-running this script phase.\necho \"SUCCESS\" > \"${SCRIPT_OUTPUT_FILE_0}\"\n";
			showEnvVarsInLog = 0;
		};
		C38B50BA6285516D6DCD4F65 /* [CP] Check Pods Manifest.lock */ = {
			isa = PBXShellScriptBuildPhase;
			buildActionMask = 2147483647;
			files = (
			);
			inputFileListPaths = (
			);
			inputPaths = (
				"${PODS_PODFILE_DIR_PATH}/Podfile.lock",
				"${PODS_ROOT}/Manifest.lock",
			);
			name = "[CP] Check Pods Manifest.lock";
			outputFileListPaths = (
			);
			outputPaths = (
				"$(DERIVED_FILE_DIR)/Pods-XiangkanRss-checkManifestLockResult.txt",
			);
			runOnlyForDeploymentPostprocessing = 0;
			shellPath = /bin/sh;
			shellScript = "diff \"${PODS_PODFILE_DIR_PATH}/Podfile.lock\" \"${PODS_ROOT}/Manifest.lock\" > /dev/null\nif [ $? != 0 ] ; then\n    # print error to STDERR\n    echo \"error: The sandbox is not in sync with the Podfile.lock. Run 'pod install' or update your CocoaPods installation.\" >&2\n    exit 1\nfi\n# This output is used by Xcode 'outputs' to avoid re-running this script phase.\necho \"SUCCESS\" > \"${SCRIPT_OUTPUT_FILE_0}\"\n";
			showEnvVarsInLog = 0;
		};
		C59DA0FBD6956966B86A3779 /* [CP] Embed Pods Frameworks */ = {
			isa = PBXShellScriptBuildPhase;
			buildActionMask = 2147483647;
			files = (
			);
			inputFileListPaths = (
				"${PODS_ROOT}/Target Support Files/Pods-XiangkanRss-XiangkanRssTests/Pods-XiangkanRss-XiangkanRssTests-frameworks-${CONFIGURATION}-input-files.xcfilelist",
			);
			name = "[CP] Embed Pods Frameworks";
			outputFileListPaths = (
				"${PODS_ROOT}/Target Support Files/Pods-XiangkanRss-XiangkanRssTests/Pods-XiangkanRss-XiangkanRssTests-frameworks-${CONFIGURATION}-output-files.xcfilelist",
			);
			runOnlyForDeploymentPostprocessing = 0;
			shellPath = /bin/sh;
			shellScript = "\"${PODS_ROOT}/Target Support Files/Pods-XiangkanRss-XiangkanRssTests/Pods-XiangkanRss-XiangkanRssTests-frameworks.sh\"\n";
			showEnvVarsInLog = 0;
		};
		E235C05ADACE081382539298 /* [CP] Copy Pods Resources */ = {
			isa = PBXShellScriptBuildPhase;
			buildActionMask = 2147483647;
			files = (
			);
			inputFileListPaths = (
				"${PODS_ROOT}/Target Support Files/Pods-XiangkanRss/Pods-XiangkanRss-resources-${CONFIGURATION}-input-files.xcfilelist",
			);
			name = "[CP] Copy Pods Resources";
			outputFileListPaths = (
				"${PODS_ROOT}/Target Support Files/Pods-XiangkanRss/Pods-XiangkanRss-resources-${CONFIGURATION}-output-files.xcfilelist",
			);
			runOnlyForDeploymentPostprocessing = 0;
			shellPath = /bin/sh;
			shellScript = "\"${PODS_ROOT}/Target Support Files/Pods-XiangkanRss/Pods-XiangkanRss-resources.sh\"\n";
			showEnvVarsInLog = 0;
		};
		F6A41C54EA430FDDC6A6ED99 /* [CP] Copy Pods Resources */ = {
			isa = PBXShellScriptBuildPhase;
			buildActionMask = 2147483647;
			files = (
			);
			inputFileListPaths = (
				"${PODS_ROOT}/Target Support Files/Pods-XiangkanRss-XiangkanRssTests/Pods-XiangkanRss-XiangkanRssTests-resources-${CONFIGURATION}-input-files.xcfilelist",
			);
			name = "[CP] Copy Pods Resources";
			outputFileListPaths = (
				"${PODS_ROOT}/Target Support Files/Pods-XiangkanRss-XiangkanRssTests/Pods-XiangkanRss-XiangkanRssTests-resources-${CONFIGURATION}-output-files.xcfilelist",
			);
			runOnlyForDeploymentPostprocessing = 0;
			shellPath = /bin/sh;
			shellScript = "\"${PODS_ROOT}/Target Support Files/Pods-XiangkanRss-XiangkanRssTests/Pods-XiangkanRss-XiangkanRssTests-resources.sh\"\n";
			showEnvVarsInLog = 0;
		};
		FD10A7F022414F080027D42C /* Start Packager */ = {
			isa = PBXShellScriptBuildPhase;
			buildActionMask = 2147483647;
			files = (
			);
			inputFileListPaths = (
			);
			inputPaths = (
			);
			name = "Start Packager";
			outputFileListPaths = (
			);
			outputPaths = (
			);
			runOnlyForDeploymentPostprocessing = 0;
			shellPath = /bin/sh;
			shellScript = "export RCT_METRO_PORT=\"${RCT_METRO_PORT:=8081}\"\necho \"export RCT_METRO_PORT=${RCT_METRO_PORT}\" > \"${SRCROOT}/../node_modules/react-native/scripts/.packager.env\"\nif [ -z \"${RCT_NO_LAUNCH_PACKAGER+xxx}\" ] ; then\n  if nc -w 5 -z localhost ${RCT_METRO_PORT} ; then\n    if ! curl -s \"http://localhost:${RCT_METRO_PORT}/status\" | grep -q \"packager-status:running\" ; then\n      echo \"Port ${RCT_METRO_PORT} already in use, packager is either not running or not running correctly\"\n      exit 2\n    fi\n  else\n    open \"$SRCROOT/../node_modules/react-native/scripts/launchPackager.command\" || echo \"Can't start packager automatically\"\n  fi\nfi\n";
			showEnvVarsInLog = 0;
		};
/* End PBXShellScriptBuildPhase section */

/* Begin PBXSourcesBuildPhase section */
		00E356EA1AD99517003FC87E /* Sources */ = {
			isa = PBXSourcesBuildPhase;
			buildActionMask = 2147483647;
			files = (
				00E356F31AD99517003FC87E /* XiangkanRssTests.m in Sources */,
			);
			runOnlyForDeploymentPostprocessing = 0;
		};
		13B07F871A680F5B00A75B9A /* Sources */ = {
			isa = PBXSourcesBuildPhase;
			buildActionMask = 2147483647;
			files = (
				13B07FBC1A68108700A75B9A /* AppDelegate.mm in Sources */,
				13B07FC11A68108700A75B9A /* main.m in Sources */,
			);
			runOnlyForDeploymentPostprocessing = 0;
		};
/* End PBXSourcesBuildPhase section */

/* Begin PBXTargetDependency section */
		00E356F51AD99517003FC87E /* PBXTargetDependency */ = {
			isa = PBXTargetDependency;
			target = 13B07F861A680F5B00A75B9A /* XiangkanRss */;
			targetProxy = 00E356F41AD99517003FC87E /* PBXContainerItemProxy */;
		};
/* End PBXTargetDependency section */

/* Begin XCBuildConfiguration section */
		00E356F61AD99517003FC87E /* Debug */ = {
			isa = XCBuildConfiguration;
			baseConfigurationReference = 5B7EB9410499542E8C5724F5 /* Pods-XiangkanRss-XiangkanRssTests.debug.xcconfig */;
			buildSettings = {
				BUNDLE_LOADER = "$(TEST_HOST)";
				GCC_PREPROCESSOR_DEFINITIONS = (
					"DEBUG=1",
					"$(inherited)",
				);
				INFOPLIST_FILE = XiangkanRssTests/Info.plist;
				IPHONEOS_DEPLOYMENT_TARGET = 12.4;
				LD_RUNPATH_SEARCH_PATHS = (
					"$(inherited)",
					"@executable_path/Frameworks",
					"@loader_path/Frameworks",
				);
				OTHER_LDFLAGS = (
					"-ObjC",
					"-lc++",
					"$(inherited)",
				);
				PRODUCT_BUNDLE_IDENTIFIER = "org.reactjs.native.example.$(PRODUCT_NAME:rfc1034identifier)";
				PRODUCT_NAME = "$(TARGET_NAME)";
				TEST_HOST = "$(BUILT_PRODUCTS_DIR)/XiangkanRss.app/XiangkanRss";
			};
			name = Debug;
		};
		00E356F71AD99517003FC87E /* Release */ = {
			isa = XCBuildConfiguration;
			baseConfigurationReference = 89C6BE57DB24E9ADA2F236DE /* Pods-XiangkanRss-XiangkanRssTests.release.xcconfig */;
			buildSettings = {
				BUNDLE_LOADER = "$(TEST_HOST)";
				COPY_PHASE_STRIP = NO;
				INFOPLIST_FILE = XiangkanRssTests/Info.plist;
				IPHONEOS_DEPLOYMENT_TARGET = 12.4;
				LD_RUNPATH_SEARCH_PATHS = (
					"$(inherited)",
					"@executable_path/Frameworks",
					"@loader_path/Frameworks",
				);
				OTHER_LDFLAGS = (
					"-ObjC",
					"-lc++",
					"$(inherited)",
				);
				PRODUCT_BUNDLE_IDENTIFIER = "org.reactjs.native.example.$(PRODUCT_NAME:rfc1034identifier)";
				PRODUCT_NAME = "$(TARGET_NAME)";
				TEST_HOST = "$(BUILT_PRODUCTS_DIR)/XiangkanRss.app/XiangkanRss";
			};
			name = Release;
		};
		13B07F941A680F5B00A75B9A /* Debug */ = {
			isa = XCBuildConfiguration;
			baseConfigurationReference = 3B4392A12AC88292D35C810B /* Pods-XiangkanRss.debug.xcconfig */;
			buildSettings = {
				ASSETCATALOG_COMPILER_APPICON_NAME = AppIcon;
				ASSETCATALOG_COMPILER_INCLUDE_ALL_APPICON_ASSETS = NO;
				CLANG_ENABLE_MODULES = YES;
				CURRENT_PROJECT_VERSION = 1;
				DEVELOPMENT_TEAM = F22SF254G9;
				ENABLE_BITCODE = NO;
				INFOPLIST_FILE = XiangkanRss/Info.plist;
				LD_RUNPATH_SEARCH_PATHS = (
					"$(inherited)",
					"@executable_path/Frameworks",
				);
				OTHER_LDFLAGS = (
					"$(inherited)",
					"-ObjC",
					"-lc++",
				);
				PRODUCT_BUNDLE_IDENTIFIER = com.chentiansaber.xiangkan;
				PRODUCT_NAME = XiangkanRss;
				SWIFT_OPTIMIZATION_LEVEL = "-Onone";
				SWIFT_VERSION = 5.0;
				VERSIONING_SYSTEM = "apple-generic";
			};
			name = Debug;
		};
		13B07F951A680F5B00A75B9A /* Release */ = {
			isa = XCBuildConfiguration;
			baseConfigurationReference = 5709B34CF0A7D63546082F79 /* Pods-XiangkanRss.release.xcconfig */;
			buildSettings = {
				ASSETCATALOG_COMPILER_APPICON_NAME = AppIcon;
				ASSETCATALOG_COMPILER_INCLUDE_ALL_APPICON_ASSETS = NO;
				CLANG_ENABLE_MODULES = YES;
				CURRENT_PROJECT_VERSION = 1;
				DEVELOPMENT_TEAM = F22SF254G9;
				INFOPLIST_FILE = XiangkanRss/Info.plist;
				LD_RUNPATH_SEARCH_PATHS = (
					"$(inherited)",
					"@executable_path/Frameworks",
				);
				OTHER_LDFLAGS = (
					"$(inherited)",
					"-ObjC",
					"-lc++",
				);
				PRODUCT_BUNDLE_IDENTIFIER = com.chentiansaber.xiangkan;
				PRODUCT_NAME = XiangkanRss;
				SWIFT_VERSION = 5.0;
				VERSIONING_SYSTEM = "apple-generic";
			};
			name = Release;
		};
		83CBBA201A601CBA00E9B192 /* Debug */ = {
			isa = XCBuildConfiguration;
			buildSettings = {
				ALWAYS_SEARCH_USER_PATHS = NO;
				CLANG_ANALYZER_LOCALIZABILITY_NONLOCALIZED = YES;
				CLANG_CXX_LANGUAGE_STANDARD = "c++17";
				CLANG_CXX_LIBRARY = "libc++";
				CLANG_ENABLE_MODULES = YES;
				CLANG_ENABLE_OBJC_ARC = YES;
				CLANG_WARN_BLOCK_CAPTURE_AUTORELEASING = YES;
				CLANG_WARN_BOOL_CONVERSION = YES;
				CLANG_WARN_COMMA = YES;
				CLANG_WARN_CONSTANT_CONVERSION = YES;
				CLANG_WARN_DEPRECATED_OBJC_IMPLEMENTATIONS = YES;
				CLANG_WARN_DIRECT_OBJC_ISA_USAGE = YES_ERROR;
				CLANG_WARN_EMPTY_BODY = YES;
				CLANG_WARN_ENUM_CONVERSION = YES;
				CLANG_WARN_INFINITE_RECURSION = YES;
				CLANG_WARN_INT_CONVERSION = YES;
				CLANG_WARN_NON_LITERAL_NULL_CONVERSION = YES;
				CLANG_WARN_OBJC_IMPLICIT_RETAIN_SELF = YES;
				CLANG_WARN_OBJC_LITERAL_CONVERSION = YES;
				CLANG_WARN_OBJC_ROOT_CLASS = YES_ERROR;
				CLANG_WARN_QUOTED_INCLUDE_IN_FRAMEWORK_HEADER = YES;
				CLANG_WARN_RANGE_LOOP_ANALYSIS = YES;
				CLANG_WARN_STRICT_PROTOTYPES = YES;
				CLANG_WARN_SUSPICIOUS_MOVE = YES;
				CLANG_WARN_UNREACHABLE_CODE = YES;
				CLANG_WARN__DUPLICATE_METHOD_MATCH = YES;
				"CODE_SIGN_IDENTITY[sdk=iphoneos*]" = "iPhone Developer";
				COPY_PHASE_STRIP = NO;
				ENABLE_STRICT_OBJC_MSGSEND = YES;
				ENABLE_TESTABILITY = YES;
				"EXCLUDED_ARCHS[sdk=iphonesimulator*]" = "";
				GCC_C_LANGUAGE_STANDARD = gnu99;
				GCC_DYNAMIC_NO_PIC = NO;
				GCC_NO_COMMON_BLOCKS = YES;
				GCC_OPTIMIZATION_LEVEL = 0;
				GCC_PREPROCESSOR_DEFINITIONS = (
					"DEBUG=1",
					"$(inherited)",
				);
				GCC_SYMBOLS_PRIVATE_EXTERN = NO;
				GCC_WARN_64_TO_32_BIT_CONVERSION = YES;
				GCC_WARN_ABOUT_RETURN_TYPE = YES_ERROR;
				GCC_WARN_UNDECLARED_SELECTOR = YES;
				GCC_WARN_UNINITIALIZED_AUTOS = YES_AGGRESSIVE;
				GCC_WARN_UNUSED_FUNCTION = YES;
				GCC_WARN_UNUSED_VARIABLE = YES;
				IPHONEOS_DEPLOYMENT_TARGET = 12.4;
				LD_RUNPATH_SEARCH_PATHS = (
					/usr/lib/swift,
					"$(inherited)",
				);
				LIBRARY_SEARCH_PATHS = (
					"\"$(SDKROOT)/usr/lib/swift\"",
					"\"$(TOOLCHAIN_DIR)/usr/lib/swift/$(PLATFORM_NAME)\"",
					"\"$(inherited)\"",
				);
				MTL_ENABLE_DEBUG_INFO = YES;
				ONLY_ACTIVE_ARCH = YES;
				OTHER_CPLUSPLUSFLAGS = (
					"$(OTHER_CFLAGS)",
					"-DFOLLY_NO_CONFIG",
					"-DFOLLY_MOBILE=1",
					"-DFOLLY_USE_LIBCPP=1",
				);
				REACT_NATIVE_PATH = "${PODS_ROOT}/../../node_modules/react-native";
				SDKROOT = iphoneos;
			};
			name = Debug;
		};
		83CBBA211A601CBA00E9B192 /* Release */ = {
			isa = XCBuildConfiguration;
			buildSettings = {
				ALWAYS_SEARCH_USER_PATHS = NO;
				CLANG_ANALYZER_LOCALIZABILITY_NONLOCALIZED = YES;
				CLANG_CXX_LANGUAGE_STANDARD = "c++17";
				CLANG_CXX_LIBRARY = "libc++";
				CLANG_ENABLE_MODULES = YES;
				CLANG_ENABLE_OBJC_ARC = YES;
				CLANG_WARN_BLOCK_CAPTURE_AUTORELEASING = YES;
				CLANG_WARN_BOOL_CONVERSION = YES;
				CLANG_WARN_COMMA = YES;
				CLANG_WARN_CONSTANT_CONVERSION = YES;
				CLANG_WARN_DEPRECATED_OBJC_IMPLEMENTATIONS = YES;
				CLANG_WARN_DIRECT_OBJC_ISA_USAGE = YES_ERROR;
				CLANG_WARN_EMPTY_BODY = YES;
				CLANG_WARN_ENUM_CONVERSION = YES;
				CLANG_WARN_INFINITE_RECURSION = YES;
				CLANG_WARN_INT_CONVERSION = YES;
				CLANG_WARN_NON_LITERAL_NULL_CONVERSION = YES;
				CLANG_WARN_OBJC_IMPLICIT_RETAIN_SELF = YES;
				CLANG_WARN_OBJC_LITERAL_CONVERSION = YES;
				CLANG_WARN_OBJC_ROOT_CLASS = YES_ERROR;
				CLANG_WARN_QUOTED_INCLUDE_IN_FRAMEWORK_HEADER = YES;
				CLANG_WARN_RANGE_LOOP_ANALYSIS = YES;
				CLANG_WARN_STRICT_PROTOTYPES = YES;
				CLANG_WARN_SUSPICIOUS_MOVE = YES;
				CLANG_WARN_UNREACHABLE_CODE = YES;
				CLANG_WARN__DUPLICATE_METHOD_MATCH = YES;
				"CODE_SIGN_IDENTITY[sdk=iphoneos*]" = "iPhone Developer";
				COPY_PHASE_STRIP = YES;
				ENABLE_NS_ASSERTIONS = NO;
				ENABLE_STRICT_OBJC_MSGSEND = YES;
				"EXCLUDED_ARCHS[sdk=iphonesimulator*]" = "";
				GCC_C_LANGUAGE_STANDARD = gnu99;
				GCC_NO_COMMON_BLOCKS = YES;
				GCC_WARN_64_TO_32_BIT_CONVERSION = YES;
				GCC_WARN_ABOUT_RETURN_TYPE = YES_ERROR;
				GCC_WARN_UNDECLARED_SELECTOR = YES;
				GCC_WARN_UNINITIALIZED_AUTOS = YES_AGGRESSIVE;
				GCC_WARN_UNUSED_FUNCTION = YES;
				GCC_WARN_UNUSED_VARIABLE = YES;
				IPHONEOS_DEPLOYMENT_TARGET = 12.4;
				LD_RUNPATH_SEARCH_PATHS = (
					/usr/lib/swift,
					"$(inherited)",
				);
				LIBRARY_SEARCH_PATHS = (
					"\"$(SDKROOT)/usr/lib/swift\"",
					"\"$(TOOLCHAIN_DIR)/usr/lib/swift/$(PLATFORM_NAME)\"",
					"\"$(inherited)\"",
				);
				MTL_ENABLE_DEBUG_INFO = NO;
				OTHER_CPLUSPLUSFLAGS = (
					"$(OTHER_CFLAGS)",
					"-DFOLLY_NO_CONFIG",
					"-DFOLLY_MOBILE=1",
					"-DFOLLY_USE_LIBCPP=1",
				);
				REACT_NATIVE_PATH = "${PODS_ROOT}/../../node_modules/react-native";
				SDKROOT = iphoneos;
				VALIDATE_PRODUCT = YES;
			};
			name = Release;
		};
/* End XCBuildConfiguration section */

/* Begin XCConfigurationList section */
		00E357021AD99517003FC87E /* Build configuration list for PBXNativeTarget "XiangkanRssTests" */ = {
			isa = XCConfigurationList;
			buildConfigurations = (
				00E356F61AD99517003FC87E /* Debug */,
				00E356F71AD99517003FC87E /* Release */,
			);
			defaultConfigurationIsVisible = 0;
			defaultConfigurationName = Release;
		};
		13B07F931A680F5B00A75B9A /* Build configuration list for PBXNativeTarget "XiangkanRss" */ = {
			isa = XCConfigurationList;
			buildConfigurations = (
				13B07F941A680F5B00A75B9A /* Debug */,
				13B07F951A680F5B00A75B9A /* Release */,
			);
			defaultConfigurationIsVisible = 0;
			defaultConfigurationName = Release;
		};
		83CBB9FA1A601CBA00E9B192 /* Build configuration list for PBXProject "XiangkanRss" */ = {
			isa = XCConfigurationList;
			buildConfigurations = (
				83CBBA201A601CBA00E9B192 /* Debug */,
				83CBBA211A601CBA00E9B192 /* Release */,
			);
			defaultConfigurationIsVisible = 0;
			defaultConfigurationName = Release;
		};
/* End XCConfigurationList section */
	};
	rootObject = 83CBB9F71A601CBA00E9B192 /* Project object */;
}
